// !$*UTF8*$!
{
	archiveVersion = 1;
	classes = {
	};
	objectVersion = 46;
	objects = {

/* Begin PBXBuildFile section */
		04C741F2190F4F1D00DD5795 /* Foundation.framework in Frameworks */ = {isa = PBXBuildFile; fileRef = 04C741F1190F4F1D00DD5795 /* Foundation.framework */; };
		04C741F4190F4F1D00DD5795 /* CoreGraphics.framework in Frameworks */ = {isa = PBXBuildFile; fileRef = 04C741F3190F4F1D00DD5795 /* CoreGraphics.framework */; };
		04C741F6190F4F1D00DD5795 /* UIKit.framework in Frameworks */ = {isa = PBXBuildFile; fileRef = 04C741F5190F4F1D00DD5795 /* UIKit.framework */; };
		04C741FE190F4F1D00DD5795 /* main.m in Sources */ = {isa = PBXBuildFile; fileRef = 04C741FD190F4F1D00DD5795 /* main.m */; };
		04C74202190F4F1D00DD5795 /* ServyouAppDelegate.m in Sources */ = {isa = PBXBuildFile; fileRef = 04C74201190F4F1D00DD5795 /* ServyouAppDelegate.m */; };
		04C74205190F4F1D00DD5795 /* Main_iPhone.storyboard in Resources */ = {isa = PBXBuildFile; fileRef = 04C74203190F4F1D00DD5795 /* Main_iPhone.storyboard */; };
		04C74208190F4F1D00DD5795 /* Main_iPad.storyboard in Resources */ = {isa = PBXBuildFile; fileRef = 04C74206190F4F1D00DD5795 /* Main_iPad.storyboard */; };
		04C7420B190F4F1D00DD5795 /* MessageViewController.m in Sources */ = {isa = PBXBuildFile; fileRef = 04C7420A190F4F1D00DD5795 /* MessageViewController.m */; };
		04C7420E190F4F1D00DD5795 /* OrgnizationViewController.m in Sources */ = {isa = PBXBuildFile; fileRef = 04C7420D190F4F1D00DD5795 /* OrgnizationViewController.m */; };
		04C74210190F4F1D00DD5795 /* Images.xcassets in Resources */ = {isa = PBXBuildFile; fileRef = 04C7420F190F4F1D00DD5795 /* Images.xcassets */; };
		04C74217190F4F1D00DD5795 /* XCTest.framework in Frameworks */ = {isa = PBXBuildFile; fileRef = 04C74216190F4F1D00DD5795 /* XCTest.framework */; };
		04C74218190F4F1D00DD5795 /* Foundation.framework in Frameworks */ = {isa = PBXBuildFile; fileRef = 04C741F1190F4F1D00DD5795 /* Foundation.framework */; };
		04C74219190F4F1D00DD5795 /* UIKit.framework in Frameworks */ = {isa = PBXBuildFile; fileRef = 04C741F5190F4F1D00DD5795 /* UIKit.framework */; };
		04C74223190F4F1D00DD5795 /* qiyetongTests.m in Sources */ = {isa = PBXBuildFile; fileRef = 04C74222190F4F1D00DD5795 /* qiyetongTests.m */; };
		04C74231190F62E400DD5795 /* AddonViewController.m in Sources */ = {isa = PBXBuildFile; fileRef = 04C7422E190F62E400DD5795 /* AddonViewController.m */; };
		04C74232190F62E400DD5795 /* GroupViewController.m in Sources */ = {isa = PBXBuildFile; fileRef = 04C74230190F62E400DD5795 /* GroupViewController.m */; };
		04C7423A190F689800DD5795 /* Localizable.strings in Resources */ = {isa = PBXBuildFile; fileRef = 04C7423C190F689800DD5795 /* Localizable.strings */; };
		04C74241190F743900DD5795 /* LoginViewController.m in Sources */ = {isa = PBXBuildFile; fileRef = 04C74240190F743900DD5795 /* LoginViewController.m */; };
		04C74244190F773900DD5795 /* MainTabBarController.m in Sources */ = {isa = PBXBuildFile; fileRef = 04C74243190F773900DD5795 /* MainTabBarController.m */; };
		04C74396190F7F0E00DD5795 /* XMPPAnonymousAuthentication.m in Sources */ = {isa = PBXBuildFile; fileRef = 04C74249190F7F0D00DD5795 /* XMPPAnonymousAuthentication.m */; };
		04C74397190F7F0E00DD5795 /* XMPPDeprecatedDigestAuthentication.m in Sources */ = {isa = PBXBuildFile; fileRef = 04C7424C190F7F0D00DD5795 /* XMPPDeprecatedDigestAuthentication.m */; };
		04C74398190F7F0E00DD5795 /* XMPPDeprecatedPlainAuthentication.m in Sources */ = {isa = PBXBuildFile; fileRef = 04C7424F190F7F0D00DD5795 /* XMPPDeprecatedPlainAuthentication.m */; };
		04C74399190F7F0E00DD5795 /* XMPPDigestMD5Authentication.m in Sources */ = {isa = PBXBuildFile; fileRef = 04C74252190F7F0D00DD5795 /* XMPPDigestMD5Authentication.m */; };
		04C7439A190F7F0E00DD5795 /* XMPPPlainAuthentication.m in Sources */ = {isa = PBXBuildFile; fileRef = 04C74255190F7F0D00DD5795 /* XMPPPlainAuthentication.m */; };
		04C7439B190F7F0E00DD5795 /* XMPPSCRAMSHA1Authentication.m in Sources */ = {isa = PBXBuildFile; fileRef = 04C74258190F7F0D00DD5795 /* XMPPSCRAMSHA1Authentication.m */; };
		04C7439C190F7F0E00DD5795 /* XMPPXFacebookPlatformAuthentication.m in Sources */ = {isa = PBXBuildFile; fileRef = 04C7425B190F7F0D00DD5795 /* XMPPXFacebookPlatformAuthentication.m */; };
		04C7439D190F7F0E00DD5795 /* XMPPXOAuth2Google.m in Sources */ = {isa = PBXBuildFile; fileRef = 04C7425E190F7F0D00DD5795 /* XMPPXOAuth2Google.m */; };
		04C7439E190F7F0E00DD5795 /* NSData+XMPP.m in Sources */ = {isa = PBXBuildFile; fileRef = 04C74262190F7F0D00DD5795 /* NSData+XMPP.m */; };
		04C7439F190F7F0E00DD5795 /* NSNumber+XMPP.m in Sources */ = {isa = PBXBuildFile; fileRef = 04C74264190F7F0D00DD5795 /* NSNumber+XMPP.m */; };
		04C743A0190F7F0E00DD5795 /* NSXMLElement+XMPP.m in Sources */ = {isa = PBXBuildFile; fileRef = 04C74266190F7F0D00DD5795 /* NSXMLElement+XMPP.m */; };
		04C743A1190F7F0E00DD5795 /* XMPPElement.m in Sources */ = {isa = PBXBuildFile; fileRef = 04C7426A190F7F0D00DD5795 /* XMPPElement.m */; };
		04C743A2190F7F0E00DD5795 /* XMPPIQ.m in Sources */ = {isa = PBXBuildFile; fileRef = 04C7426D190F7F0D00DD5795 /* XMPPIQ.m */; };
		04C743A3190F7F0E00DD5795 /* XMPPJID.m in Sources */ = {isa = PBXBuildFile; fileRef = 04C7426F190F7F0D00DD5795 /* XMPPJID.m */; };
		04C743A4190F7F0E00DD5795 /* XMPPMessage.m in Sources */ = {isa = PBXBuildFile; fileRef = 04C74272190F7F0D00DD5795 /* XMPPMessage.m */; };
		04C743A5190F7F0E00DD5795 /* XMPPModule.m in Sources */ = {isa = PBXBuildFile; fileRef = 04C74274190F7F0D00DD5795 /* XMPPModule.m */; };
		04C743A6190F7F0E00DD5795 /* XMPPParser.m in Sources */ = {isa = PBXBuildFile; fileRef = 04C74276190F7F0D00DD5795 /* XMPPParser.m */; };
		04C743A7190F7F0E00DD5795 /* XMPPPresence.m in Sources */ = {isa = PBXBuildFile; fileRef = 04C74278190F7F0D00DD5795 /* XMPPPresence.m */; };
		04C743A8190F7F0E00DD5795 /* XMPPStream.m in Sources */ = {isa = PBXBuildFile; fileRef = 04C7427A190F7F0D00DD5795 /* XMPPStream.m */; };
		04C74402190F7F0E00DD5795 /* DDList.m in Sources */ = {isa = PBXBuildFile; fileRef = 04C74363190F7F0E00DD5795 /* DDList.m */; };
		04C74403190F7F0E00DD5795 /* GCDMulticastDelegate.m in Sources */ = {isa = PBXBuildFile; fileRef = 04C74365190F7F0E00DD5795 /* GCDMulticastDelegate.m */; };
		04C74404190F7F0E00DD5795 /* RFImageToDataTransformer.m in Sources */ = {isa = PBXBuildFile; fileRef = 04C74367190F7F0E00DD5795 /* RFImageToDataTransformer.m */; };
		04C74405190F7F0E00DD5795 /* XMPPIDTracker.m in Sources */ = {isa = PBXBuildFile; fileRef = 04C74369190F7F0E00DD5795 /* XMPPIDTracker.m */; };
		04C74406190F7F0E00DD5795 /* XMPPSRVResolver.m in Sources */ = {isa = PBXBuildFile; fileRef = 04C7436B190F7F0E00DD5795 /* XMPPSRVResolver.m */; };
		04C74407190F7F0E00DD5795 /* XMPPStringPrep.m in Sources */ = {isa = PBXBuildFile; fileRef = 04C7436D190F7F0E00DD5795 /* XMPPStringPrep.m */; };
		04C74408190F7F0E00DD5795 /* GCDAsyncSocket.m in Sources */ = {isa = PBXBuildFile; fileRef = 04C74371190F7F0E00DD5795 /* GCDAsyncSocket.m */; };
		04C74409190F7F0E00DD5795 /* DDAbstractDatabaseLogger.m in Sources */ = {isa = PBXBuildFile; fileRef = 04C74374190F7F0E00DD5795 /* DDAbstractDatabaseLogger.m */; };
		04C7440A190F7F0E00DD5795 /* DDASLLogger.m in Sources */ = {isa = PBXBuildFile; fileRef = 04C74376190F7F0E00DD5795 /* DDASLLogger.m */; };
		04C7440B190F7F0E00DD5795 /* DDFileLogger.m in Sources */ = {isa = PBXBuildFile; fileRef = 04C74378190F7F0E00DD5795 /* DDFileLogger.m */; };
		04C7440C190F7F0E00DD5795 /* DDLog.m in Sources */ = {isa = PBXBuildFile; fileRef = 04C7437A190F7F0E00DD5795 /* DDLog.m */; };
		04C7440D190F7F0E00DD5795 /* DDTTYLogger.m in Sources */ = {isa = PBXBuildFile; fileRef = 04C7437C190F7F0E00DD5795 /* DDTTYLogger.m */; };
		04C7440E190F7F0E00DD5795 /* ContextFilterLogFormatter.m in Sources */ = {isa = PBXBuildFile; fileRef = 04C7437F190F7F0E00DD5795 /* ContextFilterLogFormatter.m */; };
		04C7440F190F7F0E00DD5795 /* DispatchQueueLogFormatter.m in Sources */ = {isa = PBXBuildFile; fileRef = 04C74381190F7F0E00DD5795 /* DispatchQueueLogFormatter.m */; };
		04C74410190F7F0E00DD5795 /* README.txt in Resources */ = {isa = PBXBuildFile; fileRef = 04C74382190F7F0E00DD5795 /* README.txt */; };
		04C74411190F7F0E00DD5795 /* NSString+DDXML.m in Sources */ = {isa = PBXBuildFile; fileRef = 04C74387190F7F0E00DD5795 /* NSString+DDXML.m */; };
		04C74412190F7F0E00DD5795 /* DDXMLDocument.m in Sources */ = {isa = PBXBuildFile; fileRef = 04C7438A190F7F0E00DD5795 /* DDXMLDocument.m */; };
		04C74413190F7F0E00DD5795 /* DDXMLElement.m in Sources */ = {isa = PBXBuildFile; fileRef = 04C7438C190F7F0E00DD5795 /* DDXMLElement.m */; };
		04C74414190F7F0E00DD5795 /* DDXMLNode.m in Sources */ = {isa = PBXBuildFile; fileRef = 04C7438E190F7F0E00DD5795 /* DDXMLNode.m */; };
		04C74415190F7F0E00DD5795 /* build-libidn.sh in Resources */ = {isa = PBXBuildFile; fileRef = 04C74392190F7F0E00DD5795 /* build-libidn.sh */; };
		04C74416190F7F0E00DD5795 /* libidn.a in Frameworks */ = {isa = PBXBuildFile; fileRef = 04C74394190F7F0E00DD5795 /* libidn.a */; };
		04C74418190F83C800DD5795 /* libxml2.dylib in Frameworks */ = {isa = PBXBuildFile; fileRef = 04C74417190F83C800DD5795 /* libxml2.dylib */; };
		04C7441A190F83CE00DD5795 /* Security.framework in Frameworks */ = {isa = PBXBuildFile; fileRef = 04C74419190F83CE00DD5795 /* Security.framework */; };
		04C7441C190F83D800DD5795 /* CFNetwork.framework in Frameworks */ = {isa = PBXBuildFile; fileRef = 04C7441B190F83D800DD5795 /* CFNetwork.framework */; };
		04C7441E190F83EB00DD5795 /* libresolv.dylib in Frameworks */ = {isa = PBXBuildFile; fileRef = 04C7441D190F83EB00DD5795 /* libresolv.dylib */; };
		04C74420190F841100DD5795 /* SystemConfiguration.framework in Frameworks */ = {isa = PBXBuildFile; fileRef = 04C7441F190F841100DD5795 /* SystemConfiguration.framework */; };
/* End PBXBuildFile section */

/* Begin PBXContainerItemProxy section */
		04C7421A190F4F1D00DD5795 /* PBXContainerItemProxy */ = {
			isa = PBXContainerItemProxy;
			containerPortal = 04C741E6190F4F1D00DD5795 /* Project object */;
			proxyType = 1;
			remoteGlobalIDString = 04C741ED190F4F1D00DD5795;
			remoteInfo = qiyetong;
		};
/* End PBXContainerItemProxy section */

/* Begin PBXFileReference section */
		04C741EE190F4F1D00DD5795 /* qiyetong.app */ = {isa = PBXFileReference; explicitFileType = wrapper.application; includeInIndex = 0; path = qiyetong.app; sourceTree = BUILT_PRODUCTS_DIR; };
		04C741F1190F4F1D00DD5795 /* Foundation.framework */ = {isa = PBXFileReference; lastKnownFileType = wrapper.framework; name = Foundation.framework; path = System/Library/Frameworks/Foundation.framework; sourceTree = SDKROOT; };
		04C741F3190F4F1D00DD5795 /* CoreGraphics.framework */ = {isa = PBXFileReference; lastKnownFileType = wrapper.framework; name = CoreGraphics.framework; path = System/Library/Frameworks/CoreGraphics.framework; sourceTree = SDKROOT; };
		04C741F5190F4F1D00DD5795 /* UIKit.framework */ = {isa = PBXFileReference; lastKnownFileType = wrapper.framework; name = UIKit.framework; path = System/Library/Frameworks/UIKit.framework; sourceTree = SDKROOT; };
		04C741F9190F4F1D00DD5795 /* qiyetong-Info.plist */ = {isa = PBXFileReference; lastKnownFileType = text.plist.xml; path = "qiyetong-Info.plist"; sourceTree = "<group>"; };
		04C741FD190F4F1D00DD5795 /* main.m */ = {isa = PBXFileReference; lastKnownFileType = sourcecode.c.objc; path = main.m; sourceTree = "<group>"; };
		04C741FF190F4F1D00DD5795 /* qiyetong-Prefix.pch */ = {isa = PBXFileReference; lastKnownFileType = sourcecode.c.h; path = "qiyetong-Prefix.pch"; sourceTree = "<group>"; };
		04C74200190F4F1D00DD5795 /* ServyouAppDelegate.h */ = {isa = PBXFileReference; lastKnownFileType = sourcecode.c.h; path = ServyouAppDelegate.h; sourceTree = "<group>"; };
		04C74201190F4F1D00DD5795 /* ServyouAppDelegate.m */ = {isa = PBXFileReference; lastKnownFileType = sourcecode.c.objc; path = ServyouAppDelegate.m; sourceTree = "<group>"; };
		04C74204190F4F1D00DD5795 /* Base */ = {isa = PBXFileReference; lastKnownFileType = file.storyboard; name = Base; path = Base.lproj/Main_iPhone.storyboard; sourceTree = "<group>"; };
		04C74207190F4F1D00DD5795 /* Base */ = {isa = PBXFileReference; lastKnownFileType = file.storyboard; name = Base; path = Base.lproj/Main_iPad.storyboard; sourceTree = "<group>"; };
		04C74209190F4F1D00DD5795 /* MessageViewController.h */ = {isa = PBXFileReference; lastKnownFileType = sourcecode.c.h; path = MessageViewController.h; sourceTree = "<group>"; };
		04C7420A190F4F1D00DD5795 /* MessageViewController.m */ = {isa = PBXFileReference; lastKnownFileType = sourcecode.c.objc; path = MessageViewController.m; sourceTree = "<group>"; };
		04C7420C190F4F1D00DD5795 /* OrgnizationViewController.h */ = {isa = PBXFileReference; lastKnownFileType = sourcecode.c.h; path = OrgnizationViewController.h; sourceTree = "<group>"; };
		04C7420D190F4F1D00DD5795 /* OrgnizationViewController.m */ = {isa = PBXFileReference; lastKnownFileType = sourcecode.c.objc; path = OrgnizationViewController.m; sourceTree = "<group>"; };
		04C7420F190F4F1D00DD5795 /* Images.xcassets */ = {isa = PBXFileReference; lastKnownFileType = folder.assetcatalog; path = Images.xcassets; sourceTree = "<group>"; };
		04C74215190F4F1D00DD5795 /* qiyetongTests.xctest */ = {isa = PBXFileReference; explicitFileType = wrapper.cfbundle; includeInIndex = 0; path = qiyetongTests.xctest; sourceTree = BUILT_PRODUCTS_DIR; };
		04C74216190F4F1D00DD5795 /* XCTest.framework */ = {isa = PBXFileReference; lastKnownFileType = wrapper.framework; name = XCTest.framework; path = Library/Frameworks/XCTest.framework; sourceTree = DEVELOPER_DIR; };
		04C7421E190F4F1D00DD5795 /* qiyetongTests-Info.plist */ = {isa = PBXFileReference; lastKnownFileType = text.plist.xml; path = "qiyetongTests-Info.plist"; sourceTree = "<group>"; };
		04C74222190F4F1D00DD5795 /* qiyetongTests.m */ = {isa = PBXFileReference; lastKnownFileType = sourcecode.c.objc; path = qiyetongTests.m; sourceTree = "<group>"; };
		04C7422D190F62E400DD5795 /* AddonViewController.h */ = {isa = PBXFileReference; fileEncoding = 4; lastKnownFileType = sourcecode.c.h; path = AddonViewController.h; sourceTree = "<group>"; };
		04C7422E190F62E400DD5795 /* AddonViewController.m */ = {isa = PBXFileReference; fileEncoding = 4; lastKnownFileType = sourcecode.c.objc; path = AddonViewController.m; sourceTree = "<group>"; };
		04C7422F190F62E400DD5795 /* GroupViewController.h */ = {isa = PBXFileReference; fileEncoding = 4; lastKnownFileType = sourcecode.c.h; path = GroupViewController.h; sourceTree = "<group>"; };
		04C74230190F62E400DD5795 /* GroupViewController.m */ = {isa = PBXFileReference; fileEncoding = 4; lastKnownFileType = sourcecode.c.objc; path = GroupViewController.m; sourceTree = "<group>"; };
		04C7423B190F689800DD5795 /* Base */ = {isa = PBXFileReference; lastKnownFileType = file; name = Base; path = Base.lproj/Localizable.strings; sourceTree = "<group>"; };
		04C7423E190F68E900DD5795 /* zh-Hans */ = {isa = PBXFileReference; lastKnownFileType = file; name = "zh-Hans"; path = "zh-Hans.lproj/Localizable.strings"; sourceTree = "<group>"; };
		04C7423F190F743900DD5795 /* LoginViewController.h */ = {isa = PBXFileReference; fileEncoding = 4; lastKnownFileType = sourcecode.c.h; path = LoginViewController.h; sourceTree = "<group>"; };
		04C74240190F743900DD5795 /* LoginViewController.m */ = {isa = PBXFileReference; fileEncoding = 4; lastKnownFileType = sourcecode.c.objc; path = LoginViewController.m; sourceTree = "<group>"; };
		04C74242190F773900DD5795 /* MainTabBarController.h */ = {isa = PBXFileReference; fileEncoding = 4; lastKnownFileType = sourcecode.c.h; path = MainTabBarController.h; sourceTree = "<group>"; };
		04C74243190F773900DD5795 /* MainTabBarController.m */ = {isa = PBXFileReference; fileEncoding = 4; lastKnownFileType = sourcecode.c.objc; path = MainTabBarController.m; sourceTree = "<group>"; };
		04C74248190F7F0D00DD5795 /* XMPPAnonymousAuthentication.h */ = {isa = PBXFileReference; fileEncoding = 4; lastKnownFileType = sourcecode.c.h; path = XMPPAnonymousAuthentication.h; sourceTree = "<group>"; };
		04C74249190F7F0D00DD5795 /* XMPPAnonymousAuthentication.m */ = {isa = PBXFileReference; fileEncoding = 4; lastKnownFileType = sourcecode.c.objc; path = XMPPAnonymousAuthentication.m; sourceTree = "<group>"; };
		04C7424B190F7F0D00DD5795 /* XMPPDeprecatedDigestAuthentication.h */ = {isa = PBXFileReference; fileEncoding = 4; lastKnownFileType = sourcecode.c.h; path = XMPPDeprecatedDigestAuthentication.h; sourceTree = "<group>"; };
		04C7424C190F7F0D00DD5795 /* XMPPDeprecatedDigestAuthentication.m */ = {isa = PBXFileReference; fileEncoding = 4; lastKnownFileType = sourcecode.c.objc; path = XMPPDeprecatedDigestAuthentication.m; sourceTree = "<group>"; };
		04C7424E190F7F0D00DD5795 /* XMPPDeprecatedPlainAuthentication.h */ = {isa = PBXFileReference; fileEncoding = 4; lastKnownFileType = sourcecode.c.h; path = XMPPDeprecatedPlainAuthentication.h; sourceTree = "<group>"; };
		04C7424F190F7F0D00DD5795 /* XMPPDeprecatedPlainAuthentication.m */ = {isa = PBXFileReference; fileEncoding = 4; lastKnownFileType = sourcecode.c.objc; path = XMPPDeprecatedPlainAuthentication.m; sourceTree = "<group>"; };
		04C74251190F7F0D00DD5795 /* XMPPDigestMD5Authentication.h */ = {isa = PBXFileReference; fileEncoding = 4; lastKnownFileType = sourcecode.c.h; path = XMPPDigestMD5Authentication.h; sourceTree = "<group>"; };
		04C74252190F7F0D00DD5795 /* XMPPDigestMD5Authentication.m */ = {isa = PBXFileReference; fileEncoding = 4; lastKnownFileType = sourcecode.c.objc; path = XMPPDigestMD5Authentication.m; sourceTree = "<group>"; };
		04C74254190F7F0D00DD5795 /* XMPPPlainAuthentication.h */ = {isa = PBXFileReference; fileEncoding = 4; lastKnownFileType = sourcecode.c.h; path = XMPPPlainAuthentication.h; sourceTree = "<group>"; };
		04C74255190F7F0D00DD5795 /* XMPPPlainAuthentication.m */ = {isa = PBXFileReference; fileEncoding = 4; lastKnownFileType = sourcecode.c.objc; path = XMPPPlainAuthentication.m; sourceTree = "<group>"; };
		04C74257190F7F0D00DD5795 /* XMPPSCRAMSHA1Authentication.h */ = {isa = PBXFileReference; fileEncoding = 4; lastKnownFileType = sourcecode.c.h; path = XMPPSCRAMSHA1Authentication.h; sourceTree = "<group>"; };
		04C74258190F7F0D00DD5795 /* XMPPSCRAMSHA1Authentication.m */ = {isa = PBXFileReference; fileEncoding = 4; lastKnownFileType = sourcecode.c.objc; path = XMPPSCRAMSHA1Authentication.m; sourceTree = "<group>"; };
		04C7425A190F7F0D00DD5795 /* XMPPXFacebookPlatformAuthentication.h */ = {isa = PBXFileReference; fileEncoding = 4; lastKnownFileType = sourcecode.c.h; path = XMPPXFacebookPlatformAuthentication.h; sourceTree = "<group>"; };
		04C7425B190F7F0D00DD5795 /* XMPPXFacebookPlatformAuthentication.m */ = {isa = PBXFileReference; fileEncoding = 4; lastKnownFileType = sourcecode.c.objc; path = XMPPXFacebookPlatformAuthentication.m; sourceTree = "<group>"; };
		04C7425D190F7F0D00DD5795 /* XMPPXOAuth2Google.h */ = {isa = PBXFileReference; fileEncoding = 4; lastKnownFileType = sourcecode.c.h; path = XMPPXOAuth2Google.h; sourceTree = "<group>"; };
		04C7425E190F7F0D00DD5795 /* XMPPXOAuth2Google.m */ = {isa = PBXFileReference; fileEncoding = 4; lastKnownFileType = sourcecode.c.objc; path = XMPPXOAuth2Google.m; sourceTree = "<group>"; };
		04C7425F190F7F0D00DD5795 /* XMPPSASLAuthentication.h */ = {isa = PBXFileReference; fileEncoding = 4; lastKnownFileType = sourcecode.c.h; path = XMPPSASLAuthentication.h; sourceTree = "<group>"; };
		04C74261190F7F0D00DD5795 /* NSData+XMPP.h */ = {isa = PBXFileReference; fileEncoding = 4; lastKnownFileType = sourcecode.c.h; path = "NSData+XMPP.h"; sourceTree = "<group>"; };
		04C74262190F7F0D00DD5795 /* NSData+XMPP.m */ = {isa = PBXFileReference; fileEncoding = 4; lastKnownFileType = sourcecode.c.objc; path = "NSData+XMPP.m"; sourceTree = "<group>"; };
		04C74263190F7F0D00DD5795 /* NSNumber+XMPP.h */ = {isa = PBXFileReference; fileEncoding = 4; lastKnownFileType = sourcecode.c.h; path = "NSNumber+XMPP.h"; sourceTree = "<group>"; };
		04C74264190F7F0D00DD5795 /* NSNumber+XMPP.m */ = {isa = PBXFileReference; fileEncoding = 4; lastKnownFileType = sourcecode.c.objc; path = "NSNumber+XMPP.m"; sourceTree = "<group>"; };
		04C74265190F7F0D00DD5795 /* NSXMLElement+XMPP.h */ = {isa = PBXFileReference; fileEncoding = 4; lastKnownFileType = sourcecode.c.h; path = "NSXMLElement+XMPP.h"; sourceTree = "<group>"; };
		04C74266190F7F0D00DD5795 /* NSXMLElement+XMPP.m */ = {isa = PBXFileReference; fileEncoding = 4; lastKnownFileType = sourcecode.c.objc; path = "NSXMLElement+XMPP.m"; sourceTree = "<group>"; };
		04C74268190F7F0D00DD5795 /* XMPP.h */ = {isa = PBXFileReference; fileEncoding = 4; lastKnownFileType = sourcecode.c.h; path = XMPP.h; sourceTree = "<group>"; };
		04C74269190F7F0D00DD5795 /* XMPPElement.h */ = {isa = PBXFileReference; fileEncoding = 4; lastKnownFileType = sourcecode.c.h; path = XMPPElement.h; sourceTree = "<group>"; };
		04C7426A190F7F0D00DD5795 /* XMPPElement.m */ = {isa = PBXFileReference; fileEncoding = 4; lastKnownFileType = sourcecode.c.objc; path = XMPPElement.m; sourceTree = "<group>"; };
		04C7426B190F7F0D00DD5795 /* XMPPInternal.h */ = {isa = PBXFileReference; fileEncoding = 4; lastKnownFileType = sourcecode.c.h; path = XMPPInternal.h; sourceTree = "<group>"; };
		04C7426C190F7F0D00DD5795 /* XMPPIQ.h */ = {isa = PBXFileReference; fileEncoding = 4; lastKnownFileType = sourcecode.c.h; path = XMPPIQ.h; sourceTree = "<group>"; };
		04C7426D190F7F0D00DD5795 /* XMPPIQ.m */ = {isa = PBXFileReference; fileEncoding = 4; lastKnownFileType = sourcecode.c.objc; path = XMPPIQ.m; sourceTree = "<group>"; };
		04C7426E190F7F0D00DD5795 /* XMPPJID.h */ = {isa = PBXFileReference; fileEncoding = 4; lastKnownFileType = sourcecode.c.h; path = XMPPJID.h; sourceTree = "<group>"; };
		04C7426F190F7F0D00DD5795 /* XMPPJID.m */ = {isa = PBXFileReference; fileEncoding = 4; lastKnownFileType = sourcecode.c.objc; path = XMPPJID.m; sourceTree = "<group>"; };
		04C74270190F7F0D00DD5795 /* XMPPLogging.h */ = {isa = PBXFileReference; fileEncoding = 4; lastKnownFileType = sourcecode.c.h; path = XMPPLogging.h; sourceTree = "<group>"; };
		04C74271190F7F0D00DD5795 /* XMPPMessage.h */ = {isa = PBXFileReference; fileEncoding = 4; lastKnownFileType = sourcecode.c.h; path = XMPPMessage.h; sourceTree = "<group>"; };
		04C74272190F7F0D00DD5795 /* XMPPMessage.m */ = {isa = PBXFileReference; fileEncoding = 4; lastKnownFileType = sourcecode.c.objc; path = XMPPMessage.m; sourceTree = "<group>"; };
		04C74273190F7F0D00DD5795 /* XMPPModule.h */ = {isa = PBXFileReference; fileEncoding = 4; lastKnownFileType = sourcecode.c.h; path = XMPPModule.h; sourceTree = "<group>"; };
		04C74274190F7F0D00DD5795 /* XMPPModule.m */ = {isa = PBXFileReference; fileEncoding = 4; lastKnownFileType = sourcecode.c.objc; path = XMPPModule.m; sourceTree = "<group>"; };
		04C74275190F7F0D00DD5795 /* XMPPParser.h */ = {isa = PBXFileReference; fileEncoding = 4; lastKnownFileType = sourcecode.c.h; path = XMPPParser.h; sourceTree = "<group>"; };
		04C74276190F7F0D00DD5795 /* XMPPParser.m */ = {isa = PBXFileReference; fileEncoding = 4; lastKnownFileType = sourcecode.c.objc; path = XMPPParser.m; sourceTree = "<group>"; };
		04C74277190F7F0D00DD5795 /* XMPPPresence.h */ = {isa = PBXFileReference; fileEncoding = 4; lastKnownFileType = sourcecode.c.h; path = XMPPPresence.h; sourceTree = "<group>"; };
		04C74278190F7F0D00DD5795 /* XMPPPresence.m */ = {isa = PBXFileReference; fileEncoding = 4; lastKnownFileType = sourcecode.c.objc; path = XMPPPresence.m; sourceTree = "<group>"; };
		04C74279190F7F0D00DD5795 /* XMPPStream.h */ = {isa = PBXFileReference; fileEncoding = 4; lastKnownFileType = sourcecode.c.h; path = XMPPStream.h; sourceTree = "<group>"; };
		04C7427A190F7F0D00DD5795 /* XMPPStream.m */ = {isa = PBXFileReference; fileEncoding = 4; lastKnownFileType = sourcecode.c.objc; path = XMPPStream.m; sourceTree = "<group>"; };
		04C74362190F7F0E00DD5795 /* DDList.h */ = {isa = PBXFileReference; fileEncoding = 4; lastKnownFileType = sourcecode.c.h; path = DDList.h; sourceTree = "<group>"; };
		04C74363190F7F0E00DD5795 /* DDList.m */ = {isa = PBXFileReference; fileEncoding = 4; lastKnownFileType = sourcecode.c.objc; path = DDList.m; sourceTree = "<group>"; };
		04C74364190F7F0E00DD5795 /* GCDMulticastDelegate.h */ = {isa = PBXFileReference; fileEncoding = 4; lastKnownFileType = sourcecode.c.h; path = GCDMulticastDelegate.h; sourceTree = "<group>"; };
		04C74365190F7F0E00DD5795 /* GCDMulticastDelegate.m */ = {isa = PBXFileReference; fileEncoding = 4; lastKnownFileType = sourcecode.c.objc; path = GCDMulticastDelegate.m; sourceTree = "<group>"; };
		04C74366190F7F0E00DD5795 /* RFImageToDataTransformer.h */ = {isa = PBXFileReference; fileEncoding = 4; lastKnownFileType = sourcecode.c.h; path = RFImageToDataTransformer.h; sourceTree = "<group>"; };
		04C74367190F7F0E00DD5795 /* RFImageToDataTransformer.m */ = {isa = PBXFileReference; fileEncoding = 4; lastKnownFileType = sourcecode.c.objc; path = RFImageToDataTransformer.m; sourceTree = "<group>"; };
		04C74368190F7F0E00DD5795 /* XMPPIDTracker.h */ = {isa = PBXFileReference; fileEncoding = 4; lastKnownFileType = sourcecode.c.h; path = XMPPIDTracker.h; sourceTree = "<group>"; };
		04C74369190F7F0E00DD5795 /* XMPPIDTracker.m */ = {isa = PBXFileReference; fileEncoding = 4; lastKnownFileType = sourcecode.c.objc; path = XMPPIDTracker.m; sourceTree = "<group>"; };
		04C7436A190F7F0E00DD5795 /* XMPPSRVResolver.h */ = {isa = PBXFileReference; fileEncoding = 4; lastKnownFileType = sourcecode.c.h; path = XMPPSRVResolver.h; sourceTree = "<group>"; };
		04C7436B190F7F0E00DD5795 /* XMPPSRVResolver.m */ = {isa = PBXFileReference; fileEncoding = 4; lastKnownFileType = sourcecode.c.objc; path = XMPPSRVResolver.m; sourceTree = "<group>"; };
		04C7436C190F7F0E00DD5795 /* XMPPStringPrep.h */ = {isa = PBXFileReference; fileEncoding = 4; lastKnownFileType = sourcecode.c.h; path = XMPPStringPrep.h; sourceTree = "<group>"; };
		04C7436D190F7F0E00DD5795 /* XMPPStringPrep.m */ = {isa = PBXFileReference; fileEncoding = 4; lastKnownFileType = sourcecode.c.objc; path = XMPPStringPrep.m; sourceTree = "<group>"; };
		04C74370190F7F0E00DD5795 /* GCDAsyncSocket.h */ = {isa = PBXFileReference; fileEncoding = 4; lastKnownFileType = sourcecode.c.h; path = GCDAsyncSocket.h; sourceTree = "<group>"; };
		04C74371190F7F0E00DD5795 /* GCDAsyncSocket.m */ = {isa = PBXFileReference; fileEncoding = 4; lastKnownFileType = sourcecode.c.objc; path = GCDAsyncSocket.m; sourceTree = "<group>"; };
		04C74373190F7F0E00DD5795 /* DDAbstractDatabaseLogger.h */ = {isa = PBXFileReference; fileEncoding = 4; lastKnownFileType = sourcecode.c.h; path = DDAbstractDatabaseLogger.h; sourceTree = "<group>"; };
		04C74374190F7F0E00DD5795 /* DDAbstractDatabaseLogger.m */ = {isa = PBXFileReference; fileEncoding = 4; lastKnownFileType = sourcecode.c.objc; path = DDAbstractDatabaseLogger.m; sourceTree = "<group>"; };
		04C74375190F7F0E00DD5795 /* DDASLLogger.h */ = {isa = PBXFileReference; fileEncoding = 4; lastKnownFileType = sourcecode.c.h; path = DDASLLogger.h; sourceTree = "<group>"; };
		04C74376190F7F0E00DD5795 /* DDASLLogger.m */ = {isa = PBXFileReference; fileEncoding = 4; lastKnownFileType = sourcecode.c.objc; path = DDASLLogger.m; sourceTree = "<group>"; };
		04C74377190F7F0E00DD5795 /* DDFileLogger.h */ = {isa = PBXFileReference; fileEncoding = 4; lastKnownFileType = sourcecode.c.h; path = DDFileLogger.h; sourceTree = "<group>"; };
		04C74378190F7F0E00DD5795 /* DDFileLogger.m */ = {isa = PBXFileReference; fileEncoding = 4; lastKnownFileType = sourcecode.c.objc; path = DDFileLogger.m; sourceTree = "<group>"; };
		04C74379190F7F0E00DD5795 /* DDLog.h */ = {isa = PBXFileReference; fileEncoding = 4; lastKnownFileType = sourcecode.c.h; path = DDLog.h; sourceTree = "<group>"; };
		04C7437A190F7F0E00DD5795 /* DDLog.m */ = {isa = PBXFileReference; fileEncoding = 4; lastKnownFileType = sourcecode.c.objc; path = DDLog.m; sourceTree = "<group>"; };
		04C7437B190F7F0E00DD5795 /* DDTTYLogger.h */ = {isa = PBXFileReference; fileEncoding = 4; lastKnownFileType = sourcecode.c.h; path = DDTTYLogger.h; sourceTree = "<group>"; };
		04C7437C190F7F0E00DD5795 /* DDTTYLogger.m */ = {isa = PBXFileReference; fileEncoding = 4; lastKnownFileType = sourcecode.c.objc; path = DDTTYLogger.m; sourceTree = "<group>"; };
		04C7437E190F7F0E00DD5795 /* ContextFilterLogFormatter.h */ = {isa = PBXFileReference; fileEncoding = 4; lastKnownFileType = sourcecode.c.h; path = ContextFilterLogFormatter.h; sourceTree = "<group>"; };
		04C7437F190F7F0E00DD5795 /* ContextFilterLogFormatter.m */ = {isa = PBXFileReference; fileEncoding = 4; lastKnownFileType = sourcecode.c.objc; path = ContextFilterLogFormatter.m; sourceTree = "<group>"; };
		04C74380190F7F0E00DD5795 /* DispatchQueueLogFormatter.h */ = {isa = PBXFileReference; fileEncoding = 4; lastKnownFileType = sourcecode.c.h; path = DispatchQueueLogFormatter.h; sourceTree = "<group>"; };
		04C74381190F7F0E00DD5795 /* DispatchQueueLogFormatter.m */ = {isa = PBXFileReference; fileEncoding = 4; lastKnownFileType = sourcecode.c.objc; path = DispatchQueueLogFormatter.m; sourceTree = "<group>"; };
		04C74382190F7F0E00DD5795 /* README.txt */ = {isa = PBXFileReference; fileEncoding = 4; lastKnownFileType = text; path = README.txt; sourceTree = "<group>"; };
		04C74386190F7F0E00DD5795 /* NSString+DDXML.h */ = {isa = PBXFileReference; fileEncoding = 4; lastKnownFileType = sourcecode.c.h; path = "NSString+DDXML.h"; sourceTree = "<group>"; };
		04C74387190F7F0E00DD5795 /* NSString+DDXML.m */ = {isa = PBXFileReference; fileEncoding = 4; lastKnownFileType = sourcecode.c.objc; path = "NSString+DDXML.m"; sourceTree = "<group>"; };
		04C74388190F7F0E00DD5795 /* DDXML.h */ = {isa = PBXFileReference; fileEncoding = 4; lastKnownFileType = sourcecode.c.h; path = DDXML.h; sourceTree = "<group>"; };
		04C74389190F7F0E00DD5795 /* DDXMLDocument.h */ = {isa = PBXFileReference; fileEncoding = 4; lastKnownFileType = sourcecode.c.h; path = DDXMLDocument.h; sourceTree = "<group>"; };
		04C7438A190F7F0E00DD5795 /* DDXMLDocument.m */ = {isa = PBXFileReference; fileEncoding = 4; lastKnownFileType = sourcecode.c.objc; path = DDXMLDocument.m; sourceTree = "<group>"; };
		04C7438B190F7F0E00DD5795 /* DDXMLElement.h */ = {isa = PBXFileReference; fileEncoding = 4; lastKnownFileType = sourcecode.c.h; path = DDXMLElement.h; sourceTree = "<group>"; };
		04C7438C190F7F0E00DD5795 /* DDXMLElement.m */ = {isa = PBXFileReference; fileEncoding = 4; lastKnownFileType = sourcecode.c.objc; path = DDXMLElement.m; sourceTree = "<group>"; };
		04C7438D190F7F0E00DD5795 /* DDXMLNode.h */ = {isa = PBXFileReference; fileEncoding = 4; lastKnownFileType = sourcecode.c.h; path = DDXMLNode.h; sourceTree = "<group>"; };
		04C7438E190F7F0E00DD5795 /* DDXMLNode.m */ = {isa = PBXFileReference; fileEncoding = 4; lastKnownFileType = sourcecode.c.objc; path = DDXMLNode.m; sourceTree = "<group>"; };
		04C74390190F7F0E00DD5795 /* DDXMLPrivate.h */ = {isa = PBXFileReference; fileEncoding = 4; lastKnownFileType = sourcecode.c.h; path = DDXMLPrivate.h; sourceTree = "<group>"; };
		04C74392190F7F0E00DD5795 /* build-libidn.sh */ = {isa = PBXFileReference; fileEncoding = 4; lastKnownFileType = text.script.sh; path = "build-libidn.sh"; sourceTree = "<group>"; };
		04C74393190F7F0E00DD5795 /* idn-int.h */ = {isa = PBXFileReference; fileEncoding = 4; lastKnownFileType = sourcecode.c.h; path = "idn-int.h"; sourceTree = "<group>"; };
		04C74394190F7F0E00DD5795 /* libidn.a */ = {isa = PBXFileReference; lastKnownFileType = archive.ar; path = libidn.a; sourceTree = "<group>"; };
		04C74395190F7F0E00DD5795 /* stringprep.h */ = {isa = PBXFileReference; fileEncoding = 4; lastKnownFileType = sourcecode.c.h; path = stringprep.h; sourceTree = "<group>"; };
		04C74417190F83C800DD5795 /* libxml2.dylib */ = {isa = PBXFileReference; lastKnownFileType = "compiled.mach-o.dylib"; name = libxml2.dylib; path = usr/lib/libxml2.dylib; sourceTree = SDKROOT; };
		04C74419190F83CE00DD5795 /* Security.framework */ = {isa = PBXFileReference; lastKnownFileType = wrapper.framework; name = Security.framework; path = System/Library/Frameworks/Security.framework; sourceTree = SDKROOT; };
		04C7441B190F83D800DD5795 /* CFNetwork.framework */ = {isa = PBXFileReference; lastKnownFileType = wrapper.framework; name = CFNetwork.framework; path = System/Library/Frameworks/CFNetwork.framework; sourceTree = SDKROOT; };
		04C7441D190F83EB00DD5795 /* libresolv.dylib */ = {isa = PBXFileReference; lastKnownFileType = "compiled.mach-o.dylib"; name = libresolv.dylib; path = usr/lib/libresolv.dylib; sourceTree = SDKROOT; };
		04C7441F190F841100DD5795 /* SystemConfiguration.framework */ = {isa = PBXFileReference; lastKnownFileType = wrapper.framework; name = SystemConfiguration.framework; path = System/Library/Frameworks/SystemConfiguration.framework; sourceTree = SDKROOT; };
/* End PBXFileReference section */

/* Begin PBXFrameworksBuildPhase section */
		04C741EB190F4F1D00DD5795 /* Frameworks */ = {
			isa = PBXFrameworksBuildPhase;
			buildActionMask = 2147483647;
			files = (
				04C7441A190F83CE00DD5795 /* Security.framework in Frameworks */,
				04C741F2190F4F1D00DD5795 /* Foundation.framework in Frameworks */,
				04C741F6190F4F1D00DD5795 /* UIKit.framework in Frameworks */,
				04C741F4190F4F1D00DD5795 /* CoreGraphics.framework in Frameworks */,
				04C74418190F83C800DD5795 /* libxml2.dylib in Frameworks */,
				04C7441C190F83D800DD5795 /* CFNetwork.framework in Frameworks */,
				04C74420190F841100DD5795 /* SystemConfiguration.framework in Frameworks */,
				04C7441E190F83EB00DD5795 /* libresolv.dylib in Frameworks */,
				04C74416190F7F0E00DD5795 /* libidn.a in Frameworks */,
			);
			runOnlyForDeploymentPostprocessing = 0;
		};
		04C74212190F4F1D00DD5795 /* Frameworks */ = {
			isa = PBXFrameworksBuildPhase;
			buildActionMask = 2147483647;
			files = (
				04C74217190F4F1D00DD5795 /* XCTest.framework in Frameworks */,
				04C74219190F4F1D00DD5795 /* UIKit.framework in Frameworks */,
				04C74218190F4F1D00DD5795 /* Foundation.framework in Frameworks */,
			);
			runOnlyForDeploymentPostprocessing = 0;
		};
/* End PBXFrameworksBuildPhase section */

/* Begin PBXGroup section */
		04C741E5190F4F1D00DD5795 = {
			isa = PBXGroup;
			children = (
				04C741F7190F4F1D00DD5795 /* qiyetong */,
				04C7421C190F4F1D00DD5795 /* qiyetongTests */,
				04C741F0190F4F1D00DD5795 /* Frameworks */,
				04C741EF190F4F1D00DD5795 /* Products */,
			);
			sourceTree = "<group>";
		};
		04C741EF190F4F1D00DD5795 /* Products */ = {
			isa = PBXGroup;
			children = (
				04C741EE190F4F1D00DD5795 /* qiyetong.app */,
				04C74215190F4F1D00DD5795 /* qiyetongTests.xctest */,
			);
			name = Products;
			sourceTree = "<group>";
		};
		04C741F0190F4F1D00DD5795 /* Frameworks */ = {
			isa = PBXGroup;
			children = (
				04C7441F190F841100DD5795 /* SystemConfiguration.framework */,
				04C7441D190F83EB00DD5795 /* libresolv.dylib */,
				04C7441B190F83D800DD5795 /* CFNetwork.framework */,
				04C74419190F83CE00DD5795 /* Security.framework */,
				04C74417190F83C800DD5795 /* libxml2.dylib */,
				04C741F1190F4F1D00DD5795 /* Foundation.framework */,
				04C741F3190F4F1D00DD5795 /* CoreGraphics.framework */,
				04C741F5190F4F1D00DD5795 /* UIKit.framework */,
				04C74216190F4F1D00DD5795 /* XCTest.framework */,
			);
			name = Frameworks;
			sourceTree = "<group>";
		};
		04C741F7190F4F1D00DD5795 /* qiyetong */ = {
			isa = PBXGroup;
			children = (
				04C74245190F7F0C00DD5795 /* xmppFramework */,
				04C74233190F67CE00DD5795 /* strings */,
				04C7422C190F4F2B00DD5795 /* UI */,
				04C74200190F4F1D00DD5795 /* ServyouAppDelegate.h */,
				04C74201190F4F1D00DD5795 /* ServyouAppDelegate.m */,
				04C74209190F4F1D00DD5795 /* MessageViewController.h */,
				04C7420A190F4F1D00DD5795 /* MessageViewController.m */,
				04C7420C190F4F1D00DD5795 /* OrgnizationViewController.h */,
				04C7420D190F4F1D00DD5795 /* OrgnizationViewController.m */,
				04C7422D190F62E400DD5795 /* AddonViewController.h */,
				04C7422E190F62E400DD5795 /* AddonViewController.m */,
				04C7422F190F62E400DD5795 /* GroupViewController.h */,
				04C74230190F62E400DD5795 /* GroupViewController.m */,
				04C7423F190F743900DD5795 /* LoginViewController.h */,
				04C74240190F743900DD5795 /* LoginViewController.m */,
				04C74242190F773900DD5795 /* MainTabBarController.h */,
				04C74243190F773900DD5795 /* MainTabBarController.m */,
				04C7420F190F4F1D00DD5795 /* Images.xcassets */,
				04C741F8190F4F1D00DD5795 /* Supporting Files */,
			);
			path = qiyetong;
			sourceTree = "<group>";
		};
		04C741F8190F4F1D00DD5795 /* Supporting Files */ = {
			isa = PBXGroup;
			children = (
				04C741F9190F4F1D00DD5795 /* qiyetong-Info.plist */,
				04C741FD190F4F1D00DD5795 /* main.m */,
				04C741FF190F4F1D00DD5795 /* qiyetong-Prefix.pch */,
			);
			name = "Supporting Files";
			sourceTree = "<group>";
		};
		04C7421C190F4F1D00DD5795 /* qiyetongTests */ = {
			isa = PBXGroup;
			children = (
				04C74222190F4F1D00DD5795 /* qiyetongTests.m */,
				04C7421D190F4F1D00DD5795 /* Supporting Files */,
			);
			path = qiyetongTests;
			sourceTree = "<group>";
		};
		04C7421D190F4F1D00DD5795 /* Supporting Files */ = {
			isa = PBXGroup;
			children = (
				04C7421E190F4F1D00DD5795 /* qiyetongTests-Info.plist */,
			);
			name = "Supporting Files";
			sourceTree = "<group>";
		};
		04C7422C190F4F2B00DD5795 /* UI */ = {
			isa = PBXGroup;
			children = (
				04C74203190F4F1D00DD5795 /* Main_iPhone.storyboard */,
				04C74206190F4F1D00DD5795 /* Main_iPad.storyboard */,
			);
			name = UI;
			sourceTree = "<group>";
		};
		04C74233190F67CE00DD5795 /* strings */ = {
			isa = PBXGroup;
			children = (
				04C7423C190F689800DD5795 /* Localizable.strings */,
			);
			name = strings;
			sourceTree = "<group>";
		};
		04C74245190F7F0C00DD5795 /* xmppFramework */ = {
			isa = PBXGroup;
			children = (
				04C74246190F7F0C00DD5795 /* Authentication */,
				04C74260190F7F0D00DD5795 /* Categories */,
				04C74267190F7F0D00DD5795 /* Core */,
				04C74361190F7F0E00DD5795 /* Utilities */,
				04C7436E190F7F0E00DD5795 /* Vendor */,
			);
			path = xmppFramework;
			sourceTree = "<group>";
		};
		04C74246190F7F0C00DD5795 /* Authentication */ = {
			isa = PBXGroup;
			children = (
				04C74247190F7F0C00DD5795 /* Anonymous */,
				04C7424A190F7F0D00DD5795 /* Deprecated-Digest */,
				04C7424D190F7F0D00DD5795 /* Deprecated-Plain */,
				04C74250190F7F0D00DD5795 /* Digest-MD5 */,
				04C74253190F7F0D00DD5795 /* Plain */,
				04C74256190F7F0D00DD5795 /* SCRAM-SHA-1 */,
				04C74259190F7F0D00DD5795 /* X-Facebook-Platform */,
				04C7425C190F7F0D00DD5795 /* X-OAuth2-Google */,
				04C7425F190F7F0D00DD5795 /* XMPPSASLAuthentication.h */,
			);
			path = Authentication;
			sourceTree = "<group>";
		};
		04C74247190F7F0C00DD5795 /* Anonymous */ = {
			isa = PBXGroup;
			children = (
				04C74248190F7F0D00DD5795 /* XMPPAnonymousAuthentication.h */,
				04C74249190F7F0D00DD5795 /* XMPPAnonymousAuthentication.m */,
			);
			path = Anonymous;
			sourceTree = "<group>";
		};
		04C7424A190F7F0D00DD5795 /* Deprecated-Digest */ = {
			isa = PBXGroup;
			children = (
				04C7424B190F7F0D00DD5795 /* XMPPDeprecatedDigestAuthentication.h */,
				04C7424C190F7F0D00DD5795 /* XMPPDeprecatedDigestAuthentication.m */,
			);
			path = "Deprecated-Digest";
			sourceTree = "<group>";
		};
		04C7424D190F7F0D00DD5795 /* Deprecated-Plain */ = {
			isa = PBXGroup;
			children = (
				04C7424E190F7F0D00DD5795 /* XMPPDeprecatedPlainAuthentication.h */,
				04C7424F190F7F0D00DD5795 /* XMPPDeprecatedPlainAuthentication.m */,
			);
			path = "Deprecated-Plain";
			sourceTree = "<group>";
		};
		04C74250190F7F0D00DD5795 /* Digest-MD5 */ = {
			isa = PBXGroup;
			children = (
				04C74251190F7F0D00DD5795 /* XMPPDigestMD5Authentication.h */,
				04C74252190F7F0D00DD5795 /* XMPPDigestMD5Authentication.m */,
			);
			path = "Digest-MD5";
			sourceTree = "<group>";
		};
		04C74253190F7F0D00DD5795 /* Plain */ = {
			isa = PBXGroup;
			children = (
				04C74254190F7F0D00DD5795 /* XMPPPlainAuthentication.h */,
				04C74255190F7F0D00DD5795 /* XMPPPlainAuthentication.m */,
			);
			path = Plain;
			sourceTree = "<group>";
		};
		04C74256190F7F0D00DD5795 /* SCRAM-SHA-1 */ = {
			isa = PBXGroup;
			children = (
				04C74257190F7F0D00DD5795 /* XMPPSCRAMSHA1Authentication.h */,
				04C74258190F7F0D00DD5795 /* XMPPSCRAMSHA1Authentication.m */,
			);
			path = "SCRAM-SHA-1";
			sourceTree = "<group>";
		};
		04C74259190F7F0D00DD5795 /* X-Facebook-Platform */ = {
			isa = PBXGroup;
			children = (
				04C7425A190F7F0D00DD5795 /* XMPPXFacebookPlatformAuthentication.h */,
				04C7425B190F7F0D00DD5795 /* XMPPXFacebookPlatformAuthentication.m */,
			);
			path = "X-Facebook-Platform";
			sourceTree = "<group>";
		};
		04C7425C190F7F0D00DD5795 /* X-OAuth2-Google */ = {
			isa = PBXGroup;
			children = (
				04C7425D190F7F0D00DD5795 /* XMPPXOAuth2Google.h */,
				04C7425E190F7F0D00DD5795 /* XMPPXOAuth2Google.m */,
			);
			path = "X-OAuth2-Google";
			sourceTree = "<group>";
		};
		04C74260190F7F0D00DD5795 /* Categories */ = {
			isa = PBXGroup;
			children = (
				04C74261190F7F0D00DD5795 /* NSData+XMPP.h */,
				04C74262190F7F0D00DD5795 /* NSData+XMPP.m */,
				04C74263190F7F0D00DD5795 /* NSNumber+XMPP.h */,
				04C74264190F7F0D00DD5795 /* NSNumber+XMPP.m */,
				04C74265190F7F0D00DD5795 /* NSXMLElement+XMPP.h */,
				04C74266190F7F0D00DD5795 /* NSXMLElement+XMPP.m */,
			);
			path = Categories;
			sourceTree = "<group>";
		};
		04C74267190F7F0D00DD5795 /* Core */ = {
			isa = PBXGroup;
			children = (
				04C74268190F7F0D00DD5795 /* XMPP.h */,
				04C74269190F7F0D00DD5795 /* XMPPElement.h */,
				04C7426A190F7F0D00DD5795 /* XMPPElement.m */,
				04C7426B190F7F0D00DD5795 /* XMPPInternal.h */,
				04C7426C190F7F0D00DD5795 /* XMPPIQ.h */,
				04C7426D190F7F0D00DD5795 /* XMPPIQ.m */,
				04C7426E190F7F0D00DD5795 /* XMPPJID.h */,
				04C7426F190F7F0D00DD5795 /* XMPPJID.m */,
				04C74270190F7F0D00DD5795 /* XMPPLogging.h */,
				04C74271190F7F0D00DD5795 /* XMPPMessage.h */,
				04C74272190F7F0D00DD5795 /* XMPPMessage.m */,
				04C74273190F7F0D00DD5795 /* XMPPModule.h */,
				04C74274190F7F0D00DD5795 /* XMPPModule.m */,
				04C74275190F7F0D00DD5795 /* XMPPParser.h */,
				04C74276190F7F0D00DD5795 /* XMPPParser.m */,
				04C74277190F7F0D00DD5795 /* XMPPPresence.h */,
				04C74278190F7F0D00DD5795 /* XMPPPresence.m */,
				04C74279190F7F0D00DD5795 /* XMPPStream.h */,
				04C7427A190F7F0D00DD5795 /* XMPPStream.m */,
			);
			path = Core;
			sourceTree = "<group>";
		};
		04C74361190F7F0E00DD5795 /* Utilities */ = {
			isa = PBXGroup;
			children = (
				04C74362190F7F0E00DD5795 /* DDList.h */,
				04C74363190F7F0E00DD5795 /* DDList.m */,
				04C74364190F7F0E00DD5795 /* GCDMulticastDelegate.h */,
				04C74365190F7F0E00DD5795 /* GCDMulticastDelegate.m */,
				04C74366190F7F0E00DD5795 /* RFImageToDataTransformer.h */,
				04C74367190F7F0E00DD5795 /* RFImageToDataTransformer.m */,
				04C74368190F7F0E00DD5795 /* XMPPIDTracker.h */,
				04C74369190F7F0E00DD5795 /* XMPPIDTracker.m */,
				04C7436A190F7F0E00DD5795 /* XMPPSRVResolver.h */,
				04C7436B190F7F0E00DD5795 /* XMPPSRVResolver.m */,
				04C7436C190F7F0E00DD5795 /* XMPPStringPrep.h */,
				04C7436D190F7F0E00DD5795 /* XMPPStringPrep.m */,
			);
			path = Utilities;
			sourceTree = "<group>";
		};
		04C7436E190F7F0E00DD5795 /* Vendor */ = {
			isa = PBXGroup;
			children = (
				04C7436F190F7F0E00DD5795 /* CocoaAsyncSocket */,
				04C74372190F7F0E00DD5795 /* CocoaLumberjack */,
				04C74383190F7F0E00DD5795 /* facebook-ios-sdk */,
				04C74384190F7F0E00DD5795 /* KissXML */,
				04C74391190F7F0E00DD5795 /* libidn */,
			);
			path = Vendor;
			sourceTree = "<group>";
		};
		04C7436F190F7F0E00DD5795 /* CocoaAsyncSocket */ = {
			isa = PBXGroup;
			children = (
				04C74370190F7F0E00DD5795 /* GCDAsyncSocket.h */,
				04C74371190F7F0E00DD5795 /* GCDAsyncSocket.m */,
			);
			path = CocoaAsyncSocket;
			sourceTree = "<group>";
		};
		04C74372190F7F0E00DD5795 /* CocoaLumberjack */ = {
			isa = PBXGroup;
			children = (
				04C74373190F7F0E00DD5795 /* DDAbstractDatabaseLogger.h */,
				04C74374190F7F0E00DD5795 /* DDAbstractDatabaseLogger.m */,
				04C74375190F7F0E00DD5795 /* DDASLLogger.h */,
				04C74376190F7F0E00DD5795 /* DDASLLogger.m */,
				04C74377190F7F0E00DD5795 /* DDFileLogger.h */,
				04C74378190F7F0E00DD5795 /* DDFileLogger.m */,
				04C74379190F7F0E00DD5795 /* DDLog.h */,
				04C7437A190F7F0E00DD5795 /* DDLog.m */,
				04C7437B190F7F0E00DD5795 /* DDTTYLogger.h */,
				04C7437C190F7F0E00DD5795 /* DDTTYLogger.m */,
				04C7437D190F7F0E00DD5795 /* Extensions */,
			);
			path = CocoaLumberjack;
			sourceTree = "<group>";
		};
		04C7437D190F7F0E00DD5795 /* Extensions */ = {
			isa = PBXGroup;
			children = (
				04C7437E190F7F0E00DD5795 /* ContextFilterLogFormatter.h */,
				04C7437F190F7F0E00DD5795 /* ContextFilterLogFormatter.m */,
				04C74380190F7F0E00DD5795 /* DispatchQueueLogFormatter.h */,
				04C74381190F7F0E00DD5795 /* DispatchQueueLogFormatter.m */,
				04C74382190F7F0E00DD5795 /* README.txt */,
			);
			path = Extensions;
			sourceTree = "<group>";
		};
		04C74383190F7F0E00DD5795 /* facebook-ios-sdk */ = {
			isa = PBXGroup;
			children = (
			);
			path = "facebook-ios-sdk";
			sourceTree = "<group>";
		};
		04C74384190F7F0E00DD5795 /* KissXML */ = {
			isa = PBXGroup;
			children = (
				04C74385190F7F0E00DD5795 /* Categories */,
				04C74388190F7F0E00DD5795 /* DDXML.h */,
				04C74389190F7F0E00DD5795 /* DDXMLDocument.h */,
				04C7438A190F7F0E00DD5795 /* DDXMLDocument.m */,
				04C7438B190F7F0E00DD5795 /* DDXMLElement.h */,
				04C7438C190F7F0E00DD5795 /* DDXMLElement.m */,
				04C7438D190F7F0E00DD5795 /* DDXMLNode.h */,
				04C7438E190F7F0E00DD5795 /* DDXMLNode.m */,
				04C7438F190F7F0E00DD5795 /* Private */,
			);
			path = KissXML;
			sourceTree = "<group>";
		};
		04C74385190F7F0E00DD5795 /* Categories */ = {
			isa = PBXGroup;
			children = (
				04C74386190F7F0E00DD5795 /* NSString+DDXML.h */,
				04C74387190F7F0E00DD5795 /* NSString+DDXML.m */,
			);
			path = Categories;
			sourceTree = "<group>";
		};
		04C7438F190F7F0E00DD5795 /* Private */ = {
			isa = PBXGroup;
			children = (
				04C74390190F7F0E00DD5795 /* DDXMLPrivate.h */,
			);
			path = Private;
			sourceTree = "<group>";
		};
		04C74391190F7F0E00DD5795 /* libidn */ = {
			isa = PBXGroup;
			children = (
				04C74392190F7F0E00DD5795 /* build-libidn.sh */,
				04C74393190F7F0E00DD5795 /* idn-int.h */,
				04C74394190F7F0E00DD5795 /* libidn.a */,
				04C74395190F7F0E00DD5795 /* stringprep.h */,
			);
			path = libidn;
			sourceTree = "<group>";
		};
/* End PBXGroup section */

/* Begin PBXNativeTarget section */
		04C741ED190F4F1D00DD5795 /* qiyetong */ = {
			isa = PBXNativeTarget;
			buildConfigurationList = 04C74226190F4F1D00DD5795 /* Build configuration list for PBXNativeTarget "qiyetong" */;
			buildPhases = (
				04C741EA190F4F1D00DD5795 /* Sources */,
				04C741EB190F4F1D00DD5795 /* Frameworks */,
				04C741EC190F4F1D00DD5795 /* Resources */,
			);
			buildRules = (
			);
			dependencies = (
			);
			name = qiyetong;
			productName = qiyetong;
			productReference = 04C741EE190F4F1D00DD5795 /* qiyetong.app */;
			productType = "com.apple.product-type.application";
		};
		04C74214190F4F1D00DD5795 /* qiyetongTests */ = {
			isa = PBXNativeTarget;
			buildConfigurationList = 04C74229190F4F1D00DD5795 /* Build configuration list for PBXNativeTarget "qiyetongTests" */;
			buildPhases = (
				04C74211190F4F1D00DD5795 /* Sources */,
				04C74212190F4F1D00DD5795 /* Frameworks */,
				04C74213190F4F1D00DD5795 /* Resources */,
			);
			buildRules = (
			);
			dependencies = (
				04C7421B190F4F1D00DD5795 /* PBXTargetDependency */,
			);
			name = qiyetongTests;
			productName = qiyetongTests;
			productReference = 04C74215190F4F1D00DD5795 /* qiyetongTests.xctest */;
			productType = "com.apple.product-type.bundle.unit-test";
		};
/* End PBXNativeTarget section */

/* Begin PBXProject section */
		04C741E6190F4F1D00DD5795 /* Project object */ = {
			isa = PBXProject;
			attributes = {
				CLASSPREFIX = Servyou;
				LastUpgradeCheck = 0500;
				ORGANIZATIONNAME = servyou;
				TargetAttributes = {
					04C74214190F4F1D00DD5795 = {
						TestTargetID = 04C741ED190F4F1D00DD5795;
					};
				};
			};
			buildConfigurationList = 04C741E9190F4F1D00DD5795 /* Build configuration list for PBXProject "qiyetong" */;
			compatibilityVersion = "Xcode 3.2";
			developmentRegion = English;
			hasScannedForEncodings = 0;
			knownRegions = (
				en,
				Base,
				"zh-Hans",
			);
			mainGroup = 04C741E5190F4F1D00DD5795;
			productRefGroup = 04C741EF190F4F1D00DD5795 /* Products */;
			projectDirPath = "";
			projectRoot = "";
			targets = (
				04C741ED190F4F1D00DD5795 /* qiyetong */,
				04C74214190F4F1D00DD5795 /* qiyetongTests */,
			);
		};
/* End PBXProject section */

/* Begin PBXResourcesBuildPhase section */
		04C741EC190F4F1D00DD5795 /* Resources */ = {
			isa = PBXResourcesBuildPhase;
			buildActionMask = 2147483647;
			files = (
				04C7423A190F689800DD5795 /* Localizable.strings in Resources */,
				04C74415190F7F0E00DD5795 /* build-libidn.sh in Resources */,
				04C74208190F4F1D00DD5795 /* Main_iPad.storyboard in Resources */,
				04C74210190F4F1D00DD5795 /* Images.xcassets in Resources */,
				04C74205190F4F1D00DD5795 /* Main_iPhone.storyboard in Resources */,
				04C74410190F7F0E00DD5795 /* README.txt in Resources */,
			);
			runOnlyForDeploymentPostprocessing = 0;
		};
		04C74213190F4F1D00DD5795 /* Resources */ = {
			isa = PBXResourcesBuildPhase;
			buildActionMask = 2147483647;
			files = (
			);
			runOnlyForDeploymentPostprocessing = 0;
		};
/* End PBXResourcesBuildPhase section */

/* Begin PBXSourcesBuildPhase section */
		04C741EA190F4F1D00DD5795 /* Sources */ = {
			isa = PBXSourcesBuildPhase;
			buildActionMask = 2147483647;
			files = (
				04C743A2190F7F0E00DD5795 /* XMPPIQ.m in Sources */,
				04C74232190F62E400DD5795 /* GroupViewController.m in Sources */,
				04C74231190F62E400DD5795 /* AddonViewController.m in Sources */,
				04C74402190F7F0E00DD5795 /* DDList.m in Sources */,
				04C743A6190F7F0E00DD5795 /* XMPPParser.m in Sources */,
				04C7420E190F4F1D00DD5795 /* OrgnizationViewController.m in Sources */,
				04C74202190F4F1D00DD5795 /* ServyouAppDelegate.m in Sources */,
				04C74396190F7F0E00DD5795 /* XMPPAnonymousAuthentication.m in Sources */,
				04C7440D190F7F0E00DD5795 /* DDTTYLogger.m in Sources */,
				04C74241190F743900DD5795 /* LoginViewController.m in Sources */,
				04C7439C190F7F0E00DD5795 /* XMPPXFacebookPlatformAuthentication.m in Sources */,
				04C74406190F7F0E00DD5795 /* XMPPSRVResolver.m in Sources */,
				04C74398190F7F0E00DD5795 /* XMPPDeprecatedPlainAuthentication.m in Sources */,
				04C74412190F7F0E00DD5795 /* DDXMLDocument.m in Sources */,
				04C743A8190F7F0E00DD5795 /* XMPPStream.m in Sources */,
				04C74409190F7F0E00DD5795 /* DDAbstractDatabaseLogger.m in Sources */,
				04C7440E190F7F0E00DD5795 /* ContextFilterLogFormatter.m in Sources */,
				04C74399190F7F0E00DD5795 /* XMPPDigestMD5Authentication.m in Sources */,
				04C743A4190F7F0E00DD5795 /* XMPPMessage.m in Sources */,
				04C741FE190F4F1D00DD5795 /* main.m in Sources */,
				04C7439A190F7F0E00DD5795 /* XMPPPlainAuthentication.m in Sources */,
				04C74411190F7F0E00DD5795 /* NSString+DDXML.m in Sources */,
				04C74414190F7F0E00DD5795 /* DDXMLNode.m in Sources */,
				04C743A3190F7F0E00DD5795 /* XMPPJID.m in Sources */,
				04C743A7190F7F0E00DD5795 /* XMPPPresence.m in Sources */,
				04C74405190F7F0E00DD5795 /* XMPPIDTracker.m in Sources */,
				04C74403190F7F0E00DD5795 /* GCDMulticastDelegate.m in Sources */,
				04C7439D190F7F0E00DD5795 /* XMPPXOAuth2Google.m in Sources */,
				04C7439F190F7F0E00DD5795 /* NSNumber+XMPP.m in Sources */,
				04C74397190F7F0E00DD5795 /* XMPPDeprecatedDigestAuthentication.m in Sources */,
				04C74244190F773900DD5795 /* MainTabBarController.m in Sources */,
				04C74408190F7F0E00DD5795 /* GCDAsyncSocket.m in Sources */,
				04C7440F190F7F0E00DD5795 /* DispatchQueueLogFormatter.m in Sources */,
				04C74413190F7F0E00DD5795 /* DDXMLElement.m in Sources */,
				04C743A5190F7F0E00DD5795 /* XMPPModule.m in Sources */,
				04C743A1190F7F0E00DD5795 /* XMPPElement.m in Sources */,
				04C7440A190F7F0E00DD5795 /* DDASLLogger.m in Sources */,
				04C74404190F7F0E00DD5795 /* RFImageToDataTransformer.m in Sources */,
				04C7439B190F7F0E00DD5795 /* XMPPSCRAMSHA1Authentication.m in Sources */,
				04C7440B190F7F0E00DD5795 /* DDFileLogger.m in Sources */,
				04C7439E190F7F0E00DD5795 /* NSData+XMPP.m in Sources */,
				04C743A0190F7F0E00DD5795 /* NSXMLElement+XMPP.m in Sources */,
				04C7420B190F4F1D00DD5795 /* MessageViewController.m in Sources */,
				04C7440C190F7F0E00DD5795 /* DDLog.m in Sources */,
				04C74407190F7F0E00DD5795 /* XMPPStringPrep.m in Sources */,
			);
			runOnlyForDeploymentPostprocessing = 0;
		};
		04C74211190F4F1D00DD5795 /* Sources */ = {
			isa = PBXSourcesBuildPhase;
			buildActionMask = 2147483647;
			files = (
				04C74223190F4F1D00DD5795 /* qiyetongTests.m in Sources */,
			);
			runOnlyForDeploymentPostprocessing = 0;
		};
/* End PBXSourcesBuildPhase section */

/* Begin PBXTargetDependency section */
		04C7421B190F4F1D00DD5795 /* PBXTargetDependency */ = {
			isa = PBXTargetDependency;
			target = 04C741ED190F4F1D00DD5795 /* qiyetong */;
			targetProxy = 04C7421A190F4F1D00DD5795 /* PBXContainerItemProxy */;
		};
/* End PBXTargetDependency section */

/* Begin PBXVariantGroup section */
		04C74203190F4F1D00DD5795 /* Main_iPhone.storyboard */ = {
			isa = PBXVariantGroup;
			children = (
				04C74204190F4F1D00DD5795 /* Base */,
			);
			name = Main_iPhone.storyboard;
			sourceTree = "<group>";
		};
		04C74206190F4F1D00DD5795 /* Main_iPad.storyboard */ = {
			isa = PBXVariantGroup;
			children = (
				04C74207190F4F1D00DD5795 /* Base */,
			);
			name = Main_iPad.storyboard;
			sourceTree = "<group>";
		};
		04C7423C190F689800DD5795 /* Localizable.strings */ = {
			isa = PBXVariantGroup;
			children = (
				04C7423B190F689800DD5795 /* Base */,
				04C7423E190F68E900DD5795 /* zh-Hans */,
			);
			name = Localizable.strings;
			path = strings;
			sourceTree = "<group>";
		};
/* End PBXVariantGroup section */

/* Begin XCBuildConfiguration section */
		04C74224190F4F1D00DD5795 /* Debug */ = {
			isa = XCBuildConfiguration;
			buildSettings = {
				ALWAYS_SEARCH_USER_PATHS = NO;
				ARCHS = "$(ARCHS_STANDARD_INCLUDING_64_BIT)";
				CLANG_CXX_LANGUAGE_STANDARD = "gnu++0x";
				CLANG_CXX_LIBRARY = "libc++";
				CLANG_ENABLE_MODULES = YES;
				CLANG_ENABLE_OBJC_ARC = YES;
				CLANG_WARN_BOOL_CONVERSION = YES;
				CLANG_WARN_CONSTANT_CONVERSION = YES;
				CLANG_WARN_DIRECT_OBJC_ISA_USAGE = YES_ERROR;
				CLANG_WARN_EMPTY_BODY = YES;
				CLANG_WARN_ENUM_CONVERSION = YES;
				CLANG_WARN_INT_CONVERSION = YES;
				CLANG_WARN_OBJC_ROOT_CLASS = YES_ERROR;
				CLANG_WARN__DUPLICATE_METHOD_MATCH = YES;
				"CODE_SIGN_IDENTITY[sdk=iphoneos*]" = "iPhone Developer";
				COPY_PHASE_STRIP = NO;
				GCC_C_LANGUAGE_STANDARD = gnu99;
				GCC_DYNAMIC_NO_PIC = NO;
				GCC_OPTIMIZATION_LEVEL = 0;
				GCC_PREPROCESSOR_DEFINITIONS = (
					"DEBUG=1",
					"$(inherited)",
				);
				GCC_SYMBOLS_PRIVATE_EXTERN = NO;
				GCC_WARN_64_TO_32_BIT_CONVERSION = YES;
				GCC_WARN_ABOUT_RETURN_TYPE = YES_ERROR;
				GCC_WARN_UNDECLARED_SELECTOR = YES;
				GCC_WARN_UNINITIALIZED_AUTOS = YES;
				GCC_WARN_UNUSED_FUNCTION = YES;
				GCC_WARN_UNUSED_VARIABLE = YES;
				HEADER_SEARCH_PATHS = (
					"$(inherited)",
					/Applications/Xcode.app/Contents/Developer/Toolchains/XcodeDefault.xctoolchain/usr/include,
					/usr/include/libxml2,
				);
				IPHONEOS_DEPLOYMENT_TARGET = 7.0;
				ONLY_ACTIVE_ARCH = YES;
				SDKROOT = iphoneos;
				TARGETED_DEVICE_FAMILY = "1,2";
			};
			name = Debug;
		};
		04C74225190F4F1D00DD5795 /* Release */ = {
			isa = XCBuildConfiguration;
			buildSettings = {
				ALWAYS_SEARCH_USER_PATHS = NO;
				ARCHS = "$(ARCHS_STANDARD_INCLUDING_64_BIT)";
				CLANG_CXX_LANGUAGE_STANDARD = "gnu++0x";
				CLANG_CXX_LIBRARY = "libc++";
				CLANG_ENABLE_MODULES = YES;
				CLANG_ENABLE_OBJC_ARC = YES;
				CLANG_WARN_BOOL_CONVERSION = YES;
				CLANG_WARN_CONSTANT_CONVERSION = YES;
				CLANG_WARN_DIRECT_OBJC_ISA_USAGE = YES_ERROR;
				CLANG_WARN_EMPTY_BODY = YES;
				CLANG_WARN_ENUM_CONVERSION = YES;
				CLANG_WARN_INT_CONVERSION = YES;
				CLANG_WARN_OBJC_ROOT_CLASS = YES_ERROR;
				CLANG_WARN__DUPLICATE_METHOD_MATCH = YES;
				"CODE_SIGN_IDENTITY[sdk=iphoneos*]" = "iPhone Developer";
				COPY_PHASE_STRIP = YES;
				ENABLE_NS_ASSERTIONS = NO;
				GCC_C_LANGUAGE_STANDARD = gnu99;
				GCC_WARN_64_TO_32_BIT_CONVERSION = YES;
				GCC_WARN_ABOUT_RETURN_TYPE = YES_ERROR;
				GCC_WARN_UNDECLARED_SELECTOR = YES;
				GCC_WARN_UNINITIALIZED_AUTOS = YES;
				GCC_WARN_UNUSED_FUNCTION = YES;
				GCC_WARN_UNUSED_VARIABLE = YES;
				HEADER_SEARCH_PATHS = (
					"$(inherited)",
					/Applications/Xcode.app/Contents/Developer/Toolchains/XcodeDefault.xctoolchain/usr/include,
					/usr/include/libxml2,
				);
				IPHONEOS_DEPLOYMENT_TARGET = 7.0;
				SDKROOT = iphoneos;
				TARGETED_DEVICE_FAMILY = "1,2";
				VALIDATE_PRODUCT = YES;
			};
			name = Release;
		};
		04C74227190F4F1D00DD5795 /* Debug */ = {
			isa = XCBuildConfiguration;
			buildSettings = {
				ASSETCATALOG_COMPILER_APPICON_NAME = AppIcon;
				ASSETCATALOG_COMPILER_LAUNCHIMAGE_NAME = LaunchImage;
				GCC_PRECOMPILE_PREFIX_HEADER = YES;
				GCC_PREFIX_HEADER = "qiyetong/qiyetong-Prefix.pch";
				INFOPLIST_FILE = "qiyetong/qiyetong-Info.plist";
				LIBRARY_SEARCH_PATHS = (
					"$(inherited)",
					/Users/mac/Desktop/qiyetong/qiyetong/xmppFramework/Vendor/libidn,
				);
				PRODUCT_NAME = "$(TARGET_NAME)";
				WRAPPER_EXTENSION = app;
			};
			name = Debug;
		};
		04C74228190F4F1D00DD5795 /* Release */ = {
			isa = XCBuildConfiguration;
			buildSettings = {
				ASSETCATALOG_COMPILER_APPICON_NAME = AppIcon;
				ASSETCATALOG_COMPILER_LAUNCHIMAGE_NAME = LaunchImage;
				GCC_PRECOMPILE_PREFIX_HEADER = YES;
				GCC_PREFIX_HEADER = "qiyetong/qiyetong-Prefix.pch";
				INFOPLIST_FILE = "qiyetong/qiyetong-Info.plist";
				LIBRARY_SEARCH_PATHS = (
					"$(inherited)",
					/Users/mac/Desktop/qiyetong/qiyetong/xmppFramework/Vendor/libidn,
				);
				PRODUCT_NAME = "$(TARGET_NAME)";
				WRAPPER_EXTENSION = app;
			};
			name = Release;
		};
		04C7422A190F4F1D00DD5795 /* Debug */ = {
			isa = XCBuildConfiguration;
			buildSettings = {
				ARCHS = "$(ARCHS_STANDARD_INCLUDING_64_BIT)";
				BUNDLE_LOADER = "$(BUILT_PRODUCTS_DIR)/qiyetong.app/qiyetong";
				FRAMEWORK_SEARCH_PATHS = (
					"$(SDKROOT)/Developer/Library/Frameworks",
					"$(inherited)",
					"$(DEVELOPER_FRAMEWORKS_DIR)",
				);
				GCC_PRECOMPILE_PREFIX_HEADER = YES;
				GCC_PREFIX_HEADER = "qiyetong/qiyetong-Prefix.pch";
				GCC_PREPROCESSOR_DEFINITIONS = (
					"DEBUG=1",
					"$(inherited)",
				);
				INFOPLIST_FILE = "qiyetongTests/qiyetongTests-Info.plist";
				PRODUCT_NAME = "$(TARGET_NAME)";
				TEST_HOST = "$(BUNDLE_LOADER)";
				WRAPPER_EXTENSION = xctest;
			};
			name = Debug;
		};
		04C7422B190F4F1D00DD5795 /* Release */ = {
			isa = XCBuildConfiguration;
			buildSettings = {
				ARCHS = "$(ARCHS_STANDARD_INCLUDING_64_BIT)";
				BUNDLE_LOADER = "$(BUILT_PRODUCTS_DIR)/qiyetong.app/qiyetong";
				FRAMEWORK_SEARCH_PATHS = (
					"$(SDKROOT)/Developer/Library/Frameworks",
					"$(inherited)",
					"$(DEVELOPER_FRAMEWORKS_DIR)",
				);
				GCC_PRECOMPILE_PREFIX_HEADER = YES;
				GCC_PREFIX_HEADER = "qiyetong/qiyetong-Prefix.pch";
				INFOPLIST_FILE = "qiyetongTests/qiyetongTests-Info.plist";
				PRODUCT_NAME = "$(TARGET_NAME)";
				TEST_HOST = "$(BUNDLE_LOADER)";
				WRAPPER_EXTENSION = xctest;
			};
			name = Release;
		};
/* End XCBuildConfiguration section */

/* Begin XCConfigurationList section */
		04C741E9190F4F1D00DD5795 /* Build configuration list for PBXProject "qiyetong" */ = {
			isa = XCConfigurationList;
			buildConfigurations = (
				04C74224190F4F1D00DD5795 /* Debug */,
				04C74225190F4F1D00DD5795 /* Release */,
			);
			defaultConfigurationIsVisible = 0;
			defaultConfigurationName = Release;
		};
		04C74226190F4F1D00DD5795 /* Build configuration list for PBXNativeTarget "qiyetong" */ = {
			isa = XCConfigurationList;
			buildConfigurations = (
				04C74227190F4F1D00DD5795 /* Debug */,
				04C74228190F4F1D00DD5795 /* Release */,
			);
			defaultConfigurationIsVisible = 0;
		};
		04C74229190F4F1D00DD5795 /* Build configuration list for PBXNativeTarget "qiyetongTests" */ = {
			isa = XCConfigurationList;
			buildConfigurations = (
				04C7422A190F4F1D00DD5795 /* Debug */,
				04C7422B190F4F1D00DD5795 /* Release */,
			);
			defaultConfigurationIsVisible = 0;
		};
/* End XCConfigurationList section */
	};
	rootObject = 04C741E6190F4F1D00DD5795 /* Project object */;
}
