// !$*UTF8*$!
{
	archiveVersion = 1;
	classes = {
	};
	objectVersion = 46;
	objects = {

/* Begin PBXBuildFile section */
		04C741F2190F4F1D00DD5795 /* Foundation.framework in Frameworks */ = {isa = PBXBuildFile; fileRef = 04C741F1190F4F1D00DD5795 /* Foundation.framework */; };
		04C741F4190F4F1D00DD5795 /* CoreGraphics.framework in Frameworks */ = {isa = PBXBuildFile; fileRef = 04C741F3190F4F1D00DD5795 /* CoreGraphics.framework */; };
		04C741F6190F4F1D00DD5795 /* UIKit.framework in Frameworks */ = {isa = PBXBuildFile; fileRef = 04C741F5190F4F1D00DD5795 /* UIKit.framework */; };
		04C741FC190F4F1D00DD5795 /* InfoPlist.strings in Resources */ = {isa = PBXBuildFile; fileRef = 04C741FA190F4F1D00DD5795 /* InfoPlist.strings */; };
		04C741FE190F4F1D00DD5795 /* main.m in Sources */ = {isa = PBXBuildFile; fileRef = 04C741FD190F4F1D00DD5795 /* main.m */; };
		04C74202190F4F1D00DD5795 /* ServyouAppDelegate.m in Sources */ = {isa = PBXBuildFile; fileRef = 04C74201190F4F1D00DD5795 /* ServyouAppDelegate.m */; };
		04C74205190F4F1D00DD5795 /* Main_iPhone.storyboard in Resources */ = {isa = PBXBuildFile; fileRef = 04C74203190F4F1D00DD5795 /* Main_iPhone.storyboard */; };
		04C74208190F4F1D00DD5795 /* Main_iPad.storyboard in Resources */ = {isa = PBXBuildFile; fileRef = 04C74206190F4F1D00DD5795 /* Main_iPad.storyboard */; };
		04C7420B190F4F1D00DD5795 /* ServyouFirstViewController.m in Sources */ = {isa = PBXBuildFile; fileRef = 04C7420A190F4F1D00DD5795 /* ServyouFirstViewController.m */; };
		04C7420E190F4F1D00DD5795 /* ServyouSecondViewController.m in Sources */ = {isa = PBXBuildFile; fileRef = 04C7420D190F4F1D00DD5795 /* ServyouSecondViewController.m */; };
		04C74210190F4F1D00DD5795 /* Images.xcassets in Resources */ = {isa = PBXBuildFile; fileRef = 04C7420F190F4F1D00DD5795 /* Images.xcassets */; };
		04C74217190F4F1D00DD5795 /* XCTest.framework in Frameworks */ = {isa = PBXBuildFile; fileRef = 04C74216190F4F1D00DD5795 /* XCTest.framework */; };
		04C74218190F4F1D00DD5795 /* Foundation.framework in Frameworks */ = {isa = PBXBuildFile; fileRef = 04C741F1190F4F1D00DD5795 /* Foundation.framework */; };
		04C74219190F4F1D00DD5795 /* UIKit.framework in Frameworks */ = {isa = PBXBuildFile; fileRef = 04C741F5190F4F1D00DD5795 /* UIKit.framework */; };
		04C74221190F4F1D00DD5795 /* InfoPlist.strings in Resources */ = {isa = PBXBuildFile; fileRef = 04C7421F190F4F1D00DD5795 /* InfoPlist.strings */; };
		04C74223190F4F1D00DD5795 /* qiyetongTests.m in Sources */ = {isa = PBXBuildFile; fileRef = 04C74222190F4F1D00DD5795 /* qiyetongTests.m */; };
/* End PBXBuildFile section */

/* Begin PBXContainerItemProxy section */
		04C7421A190F4F1D00DD5795 /* PBXContainerItemProxy */ = {
			isa = PBXContainerItemProxy;
			containerPortal = 04C741E6190F4F1D00DD5795 /* Project object */;
			proxyType = 1;
			remoteGlobalIDString = 04C741ED190F4F1D00DD5795;
			remoteInfo = qiyetong;
		};
/* End PBXContainerItemProxy section */

/* Begin PBXFileReference section */
		04C741EE190F4F1D00DD5795 /* qiyetong.app */ = {isa = PBXFileReference; explicitFileType = wrapper.application; includeInIndex = 0; path = qiyetong.app; sourceTree = BUILT_PRODUCTS_DIR; };
		04C741F1190F4F1D00DD5795 /* Foundation.framework */ = {isa = PBXFileReference; lastKnownFileType = wrapper.framework; name = Foundation.framework; path = System/Library/Frameworks/Foundation.framework; sourceTree = SDKROOT; };
		04C741F3190F4F1D00DD5795 /* CoreGraphics.framework */ = {isa = PBXFileReference; lastKnownFileType = wrapper.framework; name = CoreGraphics.framework; path = System/Library/Frameworks/CoreGraphics.framework; sourceTree = SDKROOT; };
		04C741F5190F4F1D00DD5795 /* UIKit.framework */ = {isa = PBXFileReference; lastKnownFileType = wrapper.framework; name = UIKit.framework; path = System/Library/Frameworks/UIKit.framework; sourceTree = SDKROOT; };
		04C741F9190F4F1D00DD5795 /* qiyetong-Info.plist */ = {isa = PBXFileReference; lastKnownFileType = text.plist.xml; path = "qiyetong-Info.plist"; sourceTree = "<group>"; };
		04C741FB190F4F1D00DD5795 /* en */ = {isa = PBXFileReference; lastKnownFileType = text.plist.strings; name = en; path = en.lproj/InfoPlist.strings; sourceTree = "<group>"; };
		04C741FD190F4F1D00DD5795 /* main.m */ = {isa = PBXFileReference; lastKnownFileType = sourcecode.c.objc; path = main.m; sourceTree = "<group>"; };
		04C741FF190F4F1D00DD5795 /* qiyetong-Prefix.pch */ = {isa = PBXFileReference; lastKnownFileType = sourcecode.c.h; path = "qiyetong-Prefix.pch"; sourceTree = "<group>"; };
		04C74200190F4F1D00DD5795 /* ServyouAppDelegate.h */ = {isa = PBXFileReference; lastKnownFileType = sourcecode.c.h; path = ServyouAppDelegate.h; sourceTree = "<group>"; };
		04C74201190F4F1D00DD5795 /* ServyouAppDelegate.m */ = {isa = PBXFileReference; lastKnownFileType = sourcecode.c.objc; path = ServyouAppDelegate.m; sourceTree = "<group>"; };
		04C74204190F4F1D00DD5795 /* Base */ = {isa = PBXFileReference; lastKnownFileType = file.storyboard; name = Base; path = Base.lproj/Main_iPhone.storyboard; sourceTree = "<group>"; };
		04C74207190F4F1D00DD5795 /* Base */ = {isa = PBXFileReference; lastKnownFileType = file.storyboard; name = Base; path = Base.lproj/Main_iPad.storyboard; sourceTree = "<group>"; };
		04C74209190F4F1D00DD5795 /* ServyouFirstViewController.h */ = {isa = PBXFileReference; lastKnownFileType = sourcecode.c.h; path = ServyouFirstViewController.h; sourceTree = "<group>"; };
		04C7420A190F4F1D00DD5795 /* ServyouFirstViewController.m */ = {isa = PBXFileReference; lastKnownFileType = sourcecode.c.objc; path = ServyouFirstViewController.m; sourceTree = "<group>"; };
		04C7420C190F4F1D00DD5795 /* ServyouSecondViewController.h */ = {isa = PBXFileReference; lastKnownFileType = sourcecode.c.h; path = ServyouSecondViewController.h; sourceTree = "<group>"; };
		04C7420D190F4F1D00DD5795 /* ServyouSecondViewController.m */ = {isa = PBXFileReference; lastKnownFileType = sourcecode.c.objc; path = ServyouSecondViewController.m; sourceTree = "<group>"; };
		04C7420F190F4F1D00DD5795 /* Images.xcassets */ = {isa = PBXFileReference; lastKnownFileType = folder.assetcatalog; path = Images.xcassets; sourceTree = "<group>"; };
		04C74215190F4F1D00DD5795 /* qiyetongTests.xctest */ = {isa = PBXFileReference; explicitFileType = wrapper.cfbundle; includeInIndex = 0; path = qiyetongTests.xctest; sourceTree = BUILT_PRODUCTS_DIR; };
		04C74216190F4F1D00DD5795 /* XCTest.framework */ = {isa = PBXFileReference; lastKnownFileType = wrapper.framework; name = XCTest.framework; path = Library/Frameworks/XCTest.framework; sourceTree = DEVELOPER_DIR; };
		04C7421E190F4F1D00DD5795 /* qiyetongTests-Info.plist */ = {isa = PBXFileReference; lastKnownFileType = text.plist.xml; path = "qiyetongTests-Info.plist"; sourceTree = "<group>"; };
		04C74220190F4F1D00DD5795 /* en */ = {isa = PBXFileReference; lastKnownFileType = text.plist.strings; name = en; path = en.lproj/InfoPlist.strings; sourceTree = "<group>"; };
		04C74222190F4F1D00DD5795 /* qiyetongTests.m */ = {isa = PBXFileReference; lastKnownFileType = sourcecode.c.objc; path = qiyetongTests.m; sourceTree = "<group>"; };
/* End PBXFileReference section */

/* Begin PBXFrameworksBuildPhase section */
		04C741EB190F4F1D00DD5795 /* Frameworks */ = {
			isa = PBXFrameworksBuildPhase;
			buildActionMask = 2147483647;
			files = (
				04C741F4190F4F1D00DD5795 /* CoreGraphics.framework in Frameworks */,
				04C741F6190F4F1D00DD5795 /* UIKit.framework in Frameworks */,
				04C741F2190F4F1D00DD5795 /* Foundation.framework in Frameworks */,
			);
			runOnlyForDeploymentPostprocessing = 0;
		};
		04C74212190F4F1D00DD5795 /* Frameworks */ = {
			isa = PBXFrameworksBuildPhase;
			buildActionMask = 2147483647;
			files = (
				04C74217190F4F1D00DD5795 /* XCTest.framework in Frameworks */,
				04C74219190F4F1D00DD5795 /* UIKit.framework in Frameworks */,
				04C74218190F4F1D00DD5795 /* Foundation.framework in Frameworks */,
			);
			runOnlyForDeploymentPostprocessing = 0;
		};
/* End PBXFrameworksBuildPhase section */

/* Begin PBXGroup section */
		04C741E5190F4F1D00DD5795 = {
			isa = PBXGroup;
			children = (
				04C741F7190F4F1D00DD5795 /* qiyetong */,
				04C7421C190F4F1D00DD5795 /* qiyetongTests */,
				04C741F0190F4F1D00DD5795 /* Frameworks */,
				04C741EF190F4F1D00DD5795 /* Products */,
			);
			sourceTree = "<group>";
		};
		04C741EF190F4F1D00DD5795 /* Products */ = {
			isa = PBXGroup;
			children = (
				04C741EE190F4F1D00DD5795 /* qiyetong.app */,
				04C74215190F4F1D00DD5795 /* qiyetongTests.xctest */,
			);
			name = Products;
			sourceTree = "<group>";
		};
		04C741F0190F4F1D00DD5795 /* Frameworks */ = {
			isa = PBXGroup;
			children = (
				04C741F1190F4F1D00DD5795 /* Foundation.framework */,
				04C741F3190F4F1D00DD5795 /* CoreGraphics.framework */,
				04C741F5190F4F1D00DD5795 /* UIKit.framework */,
				04C74216190F4F1D00DD5795 /* XCTest.framework */,
			);
			name = Frameworks;
			sourceTree = "<group>";
		};
		04C741F7190F4F1D00DD5795 /* qiyetong */ = {
			isa = PBXGroup;
			children = (
				04C74200190F4F1D00DD5795 /* ServyouAppDelegate.h */,
				04C74201190F4F1D00DD5795 /* ServyouAppDelegate.m */,
				04C74203190F4F1D00DD5795 /* Main_iPhone.storyboard */,
				04C74206190F4F1D00DD5795 /* Main_iPad.storyboard */,
				04C74209190F4F1D00DD5795 /* ServyouFirstViewController.h */,
				04C7420A190F4F1D00DD5795 /* ServyouFirstViewController.m */,
				04C7420C190F4F1D00DD5795 /* ServyouSecondViewController.h */,
				04C7420D190F4F1D00DD5795 /* ServyouSecondViewController.m */,
				04C7420F190F4F1D00DD5795 /* Images.xcassets */,
				04C741F8190F4F1D00DD5795 /* Supporting Files */,
			);
			path = qiyetong;
			sourceTree = "<group>";
		};
		04C741F8190F4F1D00DD5795 /* Supporting Files */ = {
			isa = PBXGroup;
			children = (
				04C741F9190F4F1D00DD5795 /* qiyetong-Info.plist */,
				04C741FA190F4F1D00DD5795 /* InfoPlist.strings */,
				04C741FD190F4F1D00DD5795 /* main.m */,
				04C741FF190F4F1D00DD5795 /* qiyetong-Prefix.pch */,
			);
			name = "Supporting Files";
			sourceTree = "<group>";
		};
		04C7421C190F4F1D00DD5795 /* qiyetongTests */ = {
			isa = PBXGroup;
			children = (
				04C74222190F4F1D00DD5795 /* qiyetongTests.m */,
				04C7421D190F4F1D00DD5795 /* Supporting Files */,
			);
			path = qiyetongTests;
			sourceTree = "<group>";
		};
		04C7421D190F4F1D00DD5795 /* Supporting Files */ = {
			isa = PBXGroup;
			children = (
				04C7421E190F4F1D00DD5795 /* qiyetongTests-Info.plist */,
				04C7421F190F4F1D00DD5795 /* InfoPlist.strings */,
			);
			name = "Supporting Files";
			sourceTree = "<group>";
		};
/* End PBXGroup section */

/* Begin PBXNativeTarget section */
		04C741ED190F4F1D00DD5795 /* qiyetong */ = {
			isa = PBXNativeTarget;
			buildConfigurationList = 04C74226190F4F1D00DD5795 /* Build configuration list for PBXNativeTarget "qiyetong" */;
			buildPhases = (
				04C741EA190F4F1D00DD5795 /* Sources */,
				04C741EB190F4F1D00DD5795 /* Frameworks */,
				04C741EC190F4F1D00DD5795 /* Resources */,
			);
			buildRules = (
			);
			dependencies = (
			);
			name = qiyetong;
			productName = qiyetong;
			productReference = 04C741EE190F4F1D00DD5795 /* qiyetong.app */;
			productType = "com.apple.product-type.application";
		};
		04C74214190F4F1D00DD5795 /* qiyetongTests */ = {
			isa = PBXNativeTarget;
			buildConfigurationList = 04C74229190F4F1D00DD5795 /* Build configuration list for PBXNativeTarget "qiyetongTests" */;
			buildPhases = (
				04C74211190F4F1D00DD5795 /* Sources */,
				04C74212190F4F1D00DD5795 /* Frameworks */,
				04C74213190F4F1D00DD5795 /* Resources */,
			);
			buildRules = (
			);
			dependencies = (
				04C7421B190F4F1D00DD5795 /* PBXTargetDependency */,
			);
			name = qiyetongTests;
			productName = qiyetongTests;
			productReference = 04C74215190F4F1D00DD5795 /* qiyetongTests.xctest */;
			productType = "com.apple.product-type.bundle.unit-test";
		};
/* End PBXNativeTarget section */

/* Begin PBXProject section */
		04C741E6190F4F1D00DD5795 /* Project object */ = {
			isa = PBXProject;
			attributes = {
				CLASSPREFIX = Servyou;
				LastUpgradeCheck = 0500;
				ORGANIZATIONNAME = servyou;
				TargetAttributes = {
					04C74214190F4F1D00DD5795 = {
						TestTargetID = 04C741ED190F4F1D00DD5795;
					};
				};
			};
			buildConfigurationList = 04C741E9190F4F1D00DD5795 /* Build configuration list for PBXProject "qiyetong" */;
			compatibilityVersion = "Xcode 3.2";
			developmentRegion = English;
			hasScannedForEncodings = 0;
			knownRegions = (
				en,
				Base,
			);
			mainGroup = 04C741E5190F4F1D00DD5795;
			productRefGroup = 04C741EF190F4F1D00DD5795 /* Products */;
			projectDirPath = "";
			projectRoot = "";
			targets = (
				04C741ED190F4F1D00DD5795 /* qiyetong */,
				04C74214190F4F1D00DD5795 /* qiyetongTests */,
			);
		};
/* End PBXProject section */

/* Begin PBXResourcesBuildPhase section */
		04C741EC190F4F1D00DD5795 /* Resources */ = {
			isa = PBXResourcesBuildPhase;
			buildActionMask = 2147483647;
			files = (
				04C74208190F4F1D00DD5795 /* Main_iPad.storyboard in Resources */,
				04C74210190F4F1D00DD5795 /* Images.xcassets in Resources */,
				04C74205190F4F1D00DD5795 /* Main_iPhone.storyboard in Resources */,
				04C741FC190F4F1D00DD5795 /* InfoPlist.strings in Resources */,
			);
			runOnlyForDeploymentPostprocessing = 0;
		};
		04C74213190F4F1D00DD5795 /* Resources */ = {
			isa = PBXResourcesBuildPhase;
			buildActionMask = 2147483647;
			files = (
				04C74221190F4F1D00DD5795 /* InfoPlist.strings in Resources */,
			);
			runOnlyForDeploymentPostprocessing = 0;
		};
/* End PBXResourcesBuildPhase section */

/* Begin PBXSourcesBuildPhase section */
		04C741EA190F4F1D00DD5795 /* Sources */ = {
			isa = PBXSourcesBuildPhase;
			buildActionMask = 2147483647;
			files = (
				04C7420E190F4F1D00DD5795 /* ServyouSecondViewController.m in Sources */,
				04C74202190F4F1D00DD5795 /* ServyouAppDelegate.m in Sources */,
				04C741FE190F4F1D00DD5795 /* main.m in Sources */,
				04C7420B190F4F1D00DD5795 /* ServyouFirstViewController.m in Sources */,
			);
			runOnlyForDeploymentPostprocessing = 0;
		};
		04C74211190F4F1D00DD5795 /* Sources */ = {
			isa = PBXSourcesBuildPhase;
			buildActionMask = 2147483647;
			files = (
				04C74223190F4F1D00DD5795 /* qiyetongTests.m in Sources */,
			);
			runOnlyForDeploymentPostprocessing = 0;
		};
/* End PBXSourcesBuildPhase section */

/* Begin PBXTargetDependency section */
		04C7421B190F4F1D00DD5795 /* PBXTargetDependency */ = {
			isa = PBXTargetDependency;
			target = 04C741ED190F4F1D00DD5795 /* qiyetong */;
			targetProxy = 04C7421A190F4F1D00DD5795 /* PBXContainerItemProxy */;
		};
/* End PBXTargetDependency section */

/* Begin PBXVariantGroup section */
		04C741FA190F4F1D00DD5795 /* InfoPlist.strings */ = {
			isa = PBXVariantGroup;
			children = (
				04C741FB190F4F1D00DD5795 /* en */,
			);
			name = InfoPlist.strings;
			sourceTree = "<group>";
		};
		04C74203190F4F1D00DD5795 /* Main_iPhone.storyboard */ = {
			isa = PBXVariantGroup;
			children = (
				04C74204190F4F1D00DD5795 /* Base */,
			);
			name = Main_iPhone.storyboard;
			sourceTree = "<group>";
		};
		04C74206190F4F1D00DD5795 /* Main_iPad.storyboard */ = {
			isa = PBXVariantGroup;
			children = (
				04C74207190F4F1D00DD5795 /* Base */,
			);
			name = Main_iPad.storyboard;
			sourceTree = "<group>";
		};
		04C7421F190F4F1D00DD5795 /* InfoPlist.strings */ = {
			isa = PBXVariantGroup;
			children = (
				04C74220190F4F1D00DD5795 /* en */,
			);
			name = InfoPlist.strings;
			sourceTree = "<group>";
		};
/* End PBXVariantGroup section */

/* Begin XCBuildConfiguration section */
		04C74224190F4F1D00DD5795 /* Debug */ = {
			isa = XCBuildConfiguration;
			buildSettings = {
				ALWAYS_SEARCH_USER_PATHS = NO;
				ARCHS = "$(ARCHS_STANDARD_INCLUDING_64_BIT)";
				CLANG_CXX_LANGUAGE_STANDARD = "gnu++0x";
				CLANG_CXX_LIBRARY = "libc++";
				CLANG_ENABLE_MODULES = YES;
				CLANG_ENABLE_OBJC_ARC = YES;
				CLANG_WARN_BOOL_CONVERSION = YES;
				CLANG_WARN_CONSTANT_CONVERSION = YES;
				CLANG_WARN_DIRECT_OBJC_ISA_USAGE = YES_ERROR;
				CLANG_WARN_EMPTY_BODY = YES;
				CLANG_WARN_ENUM_CONVERSION = YES;
				CLANG_WARN_INT_CONVERSION = YES;
				CLANG_WARN_OBJC_ROOT_CLASS = YES_ERROR;
				CLANG_WARN__DUPLICATE_METHOD_MATCH = YES;
				"CODE_SIGN_IDENTITY[sdk=iphoneos*]" = "iPhone Developer";
				COPY_PHASE_STRIP = NO;
				GCC_C_LANGUAGE_STANDARD = gnu99;
				GCC_DYNAMIC_NO_PIC = NO;
				GCC_OPTIMIZATION_LEVEL = 0;
				GCC_PREPROCESSOR_DEFINITIONS = (
					"DEBUG=1",
					"$(inherited)",
				);
				GCC_SYMBOLS_PRIVATE_EXTERN = NO;
				GCC_WARN_64_TO_32_BIT_CONVERSION = YES;
				GCC_WARN_ABOUT_RETURN_TYPE = YES_ERROR;
				GCC_WARN_UNDECLARED_SELECTOR = YES;
				GCC_WARN_UNINITIALIZED_AUTOS = YES;
				GCC_WARN_UNUSED_FUNCTION = YES;
				GCC_WARN_UNUSED_VARIABLE = YES;
				IPHONEOS_DEPLOYMENT_TARGET = 7.0;
				ONLY_ACTIVE_ARCH = YES;
				SDKROOT = iphoneos;
				TARGETED_DEVICE_FAMILY = "1,2";
			};
			name = Debug;
		};
		04C74225190F4F1D00DD5795 /* Release */ = {
			isa = XCBuildConfiguration;
			buildSettings = {
				ALWAYS_SEARCH_USER_PATHS = NO;
				ARCHS = "$(ARCHS_STANDARD_INCLUDING_64_BIT)";
				CLANG_CXX_LANGUAGE_STANDARD = "gnu++0x";
				CLANG_CXX_LIBRARY = "libc++";
				CLANG_ENABLE_MODULES = YES;
				CLANG_ENABLE_OBJC_ARC = YES;
				CLANG_WARN_BOOL_CONVERSION = YES;
				CLANG_WARN_CONSTANT_CONVERSION = YES;
				CLANG_WARN_DIRECT_OBJC_ISA_USAGE = YES_ERROR;
				CLANG_WARN_EMPTY_BODY = YES;
				CLANG_WARN_ENUM_CONVERSION = YES;
				CLANG_WARN_INT_CONVERSION = YES;
				CLANG_WARN_OBJC_ROOT_CLASS = YES_ERROR;
				CLANG_WARN__DUPLICATE_METHOD_MATCH = YES;
				"CODE_SIGN_IDENTITY[sdk=iphoneos*]" = "iPhone Developer";
				COPY_PHASE_STRIP = YES;
				ENABLE_NS_ASSERTIONS = NO;
				GCC_C_LANGUAGE_STANDARD = gnu99;
				GCC_WARN_64_TO_32_BIT_CONVERSION = YES;
				GCC_WARN_ABOUT_RETURN_TYPE = YES_ERROR;
				GCC_WARN_UNDECLARED_SELECTOR = YES;
				GCC_WARN_UNINITIALIZED_AUTOS = YES;
				GCC_WARN_UNUSED_FUNCTION = YES;
				GCC_WARN_UNUSED_VARIABLE = YES;
				IPHONEOS_DEPLOYMENT_TARGET = 7.0;
				SDKROOT = iphoneos;
				TARGETED_DEVICE_FAMILY = "1,2";
				VALIDATE_PRODUCT = YES;
			};
			name = Release;
		};
		04C74227190F4F1D00DD5795 /* Debug */ = {
			isa = XCBuildConfiguration;
			buildSettings = {
				ASSETCATALOG_COMPILER_APPICON_NAME = AppIcon;
				ASSETCATALOG_COMPILER_LAUNCHIMAGE_NAME = LaunchImage;
				GCC_PRECOMPILE_PREFIX_HEADER = YES;
				GCC_PREFIX_HEADER = "qiyetong/qiyetong-Prefix.pch";
				INFOPLIST_FILE = "qiyetong/qiyetong-Info.plist";
				PRODUCT_NAME = "$(TARGET_NAME)";
				WRAPPER_EXTENSION = app;
			};
			name = Debug;
		};
		04C74228190F4F1D00DD5795 /* Release */ = {
			isa = XCBuildConfiguration;
			buildSettings = {
				ASSETCATALOG_COMPILER_APPICON_NAME = AppIcon;
				ASSETCATALOG_COMPILER_LAUNCHIMAGE_NAME = LaunchImage;
				GCC_PRECOMPILE_PREFIX_HEADER = YES;
				GCC_PREFIX_HEADER = "qiyetong/qiyetong-Prefix.pch";
				INFOPLIST_FILE = "qiyetong/qiyetong-Info.plist";
				PRODUCT_NAME = "$(TARGET_NAME)";
				WRAPPER_EXTENSION = app;
			};
			name = Release;
		};
		04C7422A190F4F1D00DD5795 /* Debug */ = {
			isa = XCBuildConfiguration;
			buildSettings = {
				ARCHS = "$(ARCHS_STANDARD_INCLUDING_64_BIT)";
				BUNDLE_LOADER = "$(BUILT_PRODUCTS_DIR)/qiyetong.app/qiyetong";
				FRAMEWORK_SEARCH_PATHS = (
					"$(SDKROOT)/Developer/Library/Frameworks",
					"$(inherited)",
					"$(DEVELOPER_FRAMEWORKS_DIR)",
				);
				GCC_PRECOMPILE_PREFIX_HEADER = YES;
				GCC_PREFIX_HEADER = "qiyetong/qiyetong-Prefix.pch";
				GCC_PREPROCESSOR_DEFINITIONS = (
					"DEBUG=1",
					"$(inherited)",
				);
				INFOPLIST_FILE = "qiyetongTests/qiyetongTests-Info.plist";
				PRODUCT_NAME = "$(TARGET_NAME)";
				TEST_HOST = "$(BUNDLE_LOADER)";
				WRAPPER_EXTENSION = xctest;
			};
			name = Debug;
		};
		04C7422B190F4F1D00DD5795 /* Release */ = {
			isa = XCBuildConfiguration;
			buildSettings = {
				ARCHS = "$(ARCHS_STANDARD_INCLUDING_64_BIT)";
				BUNDLE_LOADER = "$(BUILT_PRODUCTS_DIR)/qiyetong.app/qiyetong";
				FRAMEWORK_SEARCH_PATHS = (
					"$(SDKROOT)/Developer/Library/Frameworks",
					"$(inherited)",
					"$(DEVELOPER_FRAMEWORKS_DIR)",
				);
				GCC_PRECOMPILE_PREFIX_HEADER = YES;
				GCC_PREFIX_HEADER = "qiyetong/qiyetong-Prefix.pch";
				INFOPLIST_FILE = "qiyetongTests/qiyetongTests-Info.plist";
				PRODUCT_NAME = "$(TARGET_NAME)";
				TEST_HOST = "$(BUNDLE_LOADER)";
				WRAPPER_EXTENSION = xctest;
			};
			name = Release;
		};
/* End XCBuildConfiguration section */

/* Begin XCConfigurationList section */
		04C741E9190F4F1D00DD5795 /* Build configuration list for PBXProject "qiyetong" */ = {
			isa = XCConfigurationList;
			buildConfigurations = (
				04C74224190F4F1D00DD5795 /* Debug */,
				04C74225190F4F1D00DD5795 /* Release */,
			);
			defaultConfigurationIsVisible = 0;
			defaultConfigurationName = Release;
		};
		04C74226190F4F1D00DD5795 /* Build configuration list for PBXNativeTarget "qiyetong" */ = {
			isa = XCConfigurationList;
			buildConfigurations = (
				04C74227190F4F1D00DD5795 /* Debug */,
				04C74228190F4F1D00DD5795 /* Release */,
			);
			defaultConfigurationIsVisible = 0;
		};
		04C74229190F4F1D00DD5795 /* Build configuration list for PBXNativeTarget "qiyetongTests" */ = {
			isa = XCConfigurationList;
			buildConfigurations = (
				04C7422A190F4F1D00DD5795 /* Debug */,
				04C7422B190F4F1D00DD5795 /* Release */,
			);
			defaultConfigurationIsVisible = 0;
		};
/* End XCConfigurationList section */
	};
	rootObject = 04C741E6190F4F1D00DD5795 /* Project object */;
}
